PODS:
  - JSPatch (1.1.3):
    - JSPatch/Core (= 1.1.3)
  - JSPatch/Core (1.1.3)
  - Masonry (1.1.0)
  - SDWebImage (5.8.1):
    - SDWebImage/Core (= 5.8.1)
  - SDWebImage/Core (5.8.1)

DEPENDENCIES:
  - JSPatch
  - Masonry
  - SDWebImage

SPEC REPOS:
  trunk:
    - JSPatch
    - Masonry
    - SDWebImage

SPEC CHECKSUMS:
  JSPatch: 02cfed591cb907bbfe80a346666e5a35fc2d349d
  Masonry: 678fab65091a9290e40e2832a55e7ab731aad201
  SDWebImage: e3eae2eda88578db0685a0c88597fdadd9433f05

PODFILE CHECKSUM: cbe543faf5301a85895a0b553c6c29d22c9ef1f3

COCOAPODS: 1.8.4
