PODS:
  - HDWindowLogger (2.1.1):
    - Masonry
  - JSPatch (1.1.3):
    - JSPatch/Core (= 1.1.3)
  - JSPatch/Core (1.1.3)
  - Masonry (1.1.0)
  - MJExtension (3.2.2)
  - NullSafe (2.0)
  - SDWebImage (5.8.1):
    - SDWebImage/Core (= 5.8.1)
  - SDWebImage/Core (5.8.1)

DEPENDENCIES:
  - HDWindowLogger
  - JSPatch
  - Masonry
  - MJExtension
  - NullSafe
  - SDWebImage

SPEC REPOS:
  trunk:
    - HDWindowLogger
    - JSPatch
    - Masonry
    - MJExtension
    - NullSafe
    - SDWebImage

SPEC CHECKSUMS:
  HDWindowLogger: 9778f4c03fb5fc241170892ffddf9f6f0d7f41db
  JSPatch: 02cfed591cb907bbfe80a346666e5a35fc2d349d
  Masonry: 678fab65091a9290e40e2832a55e7ab731aad201
  MJExtension: d9b9c74cbdeb724c1e9ecbb157b318276e62e876
  NullSafe: 948feba938f03abede5ed3758694a9fe5b3a65ce
  SDWebImage: e3eae2eda88578db0685a0c88597fdadd9433f05

PODFILE CHECKSUM: 3f5c8e8ae5d6ce09c4bbc172a676e8be52526c49

COCOAPODS: 1.8.4
