// !$*UTF8*$!
{
	archiveVersion = 1;
	classes = {
	};
	objectVersion = 51;
	objects = {

/* Begin PBXBuildFile section */
		0B6AEF8E7A635C12F7790699 /* Pods_YLNote.framework in Frameworks */ = {isa = PBXBuildFile; fileRef = CB38DB6FF77CE573EFE28BF7 /* Pods_YLNote.framework */; };
		3F0514EF978C06B29C253C2F /* Pods_YLNote_YLNoteUITests.framework in Frameworks */ = {isa = PBXBuildFile; fileRef = 398CC9979A9A24DD695FE563 /* Pods_YLNote_YLNoteUITests.framework */; };
		543580F6259DBBEF00452D76 /* YLLogMessageManager.m in Sources */ = {isa = PBXBuildFile; fileRef = 543580F5259DBBEF00452D76 /* YLLogMessageManager.m */; };
		543580F925A2F48A00452D76 /* SwapNumbers.swift in Sources */ = {isa = PBXBuildFile; fileRef = 543580F825A2F48A00452D76 /* SwapNumbers.swift */; };
		543580FF25A3198A00452D76 /* BinaryTree.swift in Sources */ = {isa = PBXBuildFile; fileRef = 543580FE25A3198A00452D76 /* BinaryTree.swift */; };
		5435810125A37EC500452D76 /* YLAlgorithmViewController.swift in Sources */ = {isa = PBXBuildFile; fileRef = 5435810025A37EC500452D76 /* YLAlgorithmViewController.swift */; };
		5435811225A4D18900452D76 /* YLWebNoteManager.m in Sources */ = {isa = PBXBuildFile; fileRef = 5435811125A4D18900452D76 /* YLWebNoteManager.m */; };
		5435811425A4D23D00452D76 /* test.swift in Sources */ = {isa = PBXBuildFile; fileRef = 5435811325A4D23D00452D76 /* test.swift */; };
		5435811725A4D4D600452D76 /* YLRuntimeNoteManager.m in Sources */ = {isa = PBXBuildFile; fileRef = 5435811625A4D4D600452D76 /* YLRuntimeNoteManager.m */; };
		5435811A25A4D67000452D76 /* YLUIKitNoteManger.m in Sources */ = {isa = PBXBuildFile; fileRef = 5435811825A4D67000452D76 /* YLUIKitNoteManger.m */; };
		5435811E25A4D8AC00452D76 /* YLAutoReleaseNoteManager.m in Sources */ = {isa = PBXBuildFile; fileRef = 5435811D25A4D8AC00452D76 /* YLAutoReleaseNoteManager.m */; };
		5435812125A4D96B00452D76 /* YLKVONoteManager.m in Sources */ = {isa = PBXBuildFile; fileRef = 5435812025A4D96B00452D76 /* YLKVONoteManager.m */; };
		5435812525A4D9DF00452D76 /* YLGCDNoteManager.m in Sources */ = {isa = PBXBuildFile; fileRef = 5435812425A4D9DF00452D76 /* YLGCDNoteManager.m */; };
		5435812825A4DB2C00452D76 /* YLAnimationNoteManager.m in Sources */ = {isa = PBXBuildFile; fileRef = 5435812725A4DB2C00452D76 /* YLAnimationNoteManager.m */; };
		5435812C25A4DB6B00452D76 /* YLRunLoopNoteManager.m in Sources */ = {isa = PBXBuildFile; fileRef = 5435812B25A4DB6B00452D76 /* YLRunLoopNoteManager.m */; };
		5435812F25A4DC8C00452D76 /* YLBlockNoteManager.m in Sources */ = {isa = PBXBuildFile; fileRef = 5435812E25A4DC8C00452D76 /* YLBlockNoteManager.m */; };
		5435814625A9B8AC00452D76 /* YLWindowLoader.m in Sources */ = {isa = PBXBuildFile; fileRef = 5435814525A9B8AC00452D76 /* YLWindowLoader.m */; };
		5435814E25AC49EA00452D76 /* YLOrganism.m in Sources */ = {isa = PBXBuildFile; fileRef = 5435814D25AC49EA00452D76 /* YLOrganism.m */; };
		5435816525AC631600452D76 /* YLDinodsaul.m in Sources */ = {isa = PBXBuildFile; fileRef = 5435816425AC631600452D76 /* YLDinodsaul.m */; };
		5435817225AC715300452D76 /* YLClassificationLevelDomain.m in Sources */ = {isa = PBXBuildFile; fileRef = 5435817125AC715300452D76 /* YLClassificationLevelDomain.m */; };
		5435817525AC716900452D76 /* YLClassificationLevelKingdom.m in Sources */ = {isa = PBXBuildFile; fileRef = 5435817425AC716900452D76 /* YLClassificationLevelKingdom.m */; };
		5435817825AD6E9F00452D76 /* YLClassificationLevelPhylum.m in Sources */ = {isa = PBXBuildFile; fileRef = 5435817725AD6E9F00452D76 /* YLClassificationLevelPhylum.m */; };
		5435817B25AD6F0A00452D76 /* YLClassificationLevelSuperClass.m in Sources */ = {isa = PBXBuildFile; fileRef = 5435817A25AD6F0A00452D76 /* YLClassificationLevelSuperClass.m */; };
		5435817E25AD6F6500452D76 /* YLClassificationLevelSuperGenus.m in Sources */ = {isa = PBXBuildFile; fileRef = 5435817D25AD6F6500452D76 /* YLClassificationLevelSuperGenus.m */; };
		5435818125AD6FF800452D76 /* YLClassificationLevelSuperOrder.m in Sources */ = {isa = PBXBuildFile; fileRef = 5435818025AD6FF700452D76 /* YLClassificationLevelSuperOrder.m */; };
		5435818425AD704100452D76 /* YLClassificationLevelSuperFamily.m in Sources */ = {isa = PBXBuildFile; fileRef = 5435818325AD704100452D76 /* YLClassificationLevelSuperFamily.m */; };
		5435818725AD70C600452D76 /* YLClassificationLevelSuperSpecies.m in Sources */ = {isa = PBXBuildFile; fileRef = 5435818625AD70C600452D76 /* YLClassificationLevelSuperSpecies.m */; };
		5435818A25AD8F1A00452D76 /* TRex.json in Resources */ = {isa = PBXBuildFile; fileRef = 5435818925AD8F1A00452D76 /* TRex.json */; };
		5435819525AD94F200452D76 /* YLAlertManager.m in Sources */ = {isa = PBXBuildFile; fileRef = 5435818F25AD94F200452D76 /* YLAlertManager.m */; };
		5435819625AD94F200452D76 /* YLFileManager.m in Sources */ = {isa = PBXBuildFile; fileRef = 5435819325AD94F200452D76 /* YLFileManager.m */; };
		5435819B25AD952200452D76 /* YLPerson.m in Sources */ = {isa = PBXBuildFile; fileRef = 5435819725AD952200452D76 /* YLPerson.m */; };
		543581A725AD953E00452D76 /* YLFoundationNoteManger.m in Sources */ = {isa = PBXBuildFile; fileRef = 543581A125AD953E00452D76 /* YLFoundationNoteManger.m */; };
		543581A825AD953E00452D76 /* YLArticalViewController.m in Sources */ = {isa = PBXBuildFile; fileRef = 543581A325AD953E00452D76 /* YLArticalViewController.m */; };
		543581AB25AD95FF00452D76 /* YLLStudent.m in Sources */ = {isa = PBXBuildFile; fileRef = 543581AA25AD95FF00452D76 /* YLLStudent.m */; };
		543581B225ADBA4200452D76 /* YLSafeMutableArray.m in Sources */ = {isa = PBXBuildFile; fileRef = 543581B125ADBA4200452D76 /* YLSafeMutableArray.m */; };
		548FF88A24A87F3200ECF7F0 /* AppDelegate.m in Sources */ = {isa = PBXBuildFile; fileRef = 548FF88924A87F3200ECF7F0 /* AppDelegate.m */; };
		548FF89324A87F3200ECF7F0 /* Main.storyboard in Resources */ = {isa = PBXBuildFile; fileRef = 548FF89124A87F3200ECF7F0 /* Main.storyboard */; };
		548FF89524A87F3300ECF7F0 /* Assets.xcassets in Resources */ = {isa = PBXBuildFile; fileRef = 548FF89424A87F3300ECF7F0 /* Assets.xcassets */; };
		548FF89824A87F3300ECF7F0 /* LaunchScreen.storyboard in Resources */ = {isa = PBXBuildFile; fileRef = 548FF89624A87F3300ECF7F0 /* LaunchScreen.storyboard */; };
		548FF89B24A87F3300ECF7F0 /* main.m in Sources */ = {isa = PBXBuildFile; fileRef = 548FF89A24A87F3300ECF7F0 /* main.m */; };
		548FF8A524A87F3300ECF7F0 /* YLNoteTests.m in Sources */ = {isa = PBXBuildFile; fileRef = 548FF8A424A87F3300ECF7F0 /* YLNoteTests.m */; };
		548FF8B024A87F3300ECF7F0 /* YLNoteUITests.m in Sources */ = {isa = PBXBuildFile; fileRef = 548FF8AF24A87F3300ECF7F0 /* YLNoteUITests.m */; };
		54A35D3C24CED6B20076DFB6 /* Stack.swift in Sources */ = {isa = PBXBuildFile; fileRef = 54A35D3224CED6B10076DFB6 /* Stack.swift */; };
		54A35D3D24CED6B20076DFB6 /* DoublePointer.swift in Sources */ = {isa = PBXBuildFile; fileRef = 54A35D3324CED6B10076DFB6 /* DoublePointer.swift */; };
		54A35D3E24CED6B20076DFB6 /* YLTreeNode.swift in Sources */ = {isa = PBXBuildFile; fileRef = 54A35D3424CED6B10076DFB6 /* YLTreeNode.swift */; };
		54A35D3F24CED6B20076DFB6 /* Recursion.swift in Sources */ = {isa = PBXBuildFile; fileRef = 54A35D3524CED6B10076DFB6 /* Recursion.swift */; };
		54A35D4024CED6B20076DFB6 /* YLAlgorithmViewController2.swift in Sources */ = {isa = PBXBuildFile; fileRef = 54A35D3624CED6B10076DFB6 /* YLAlgorithmViewController2.swift */; };
		54A35D4124CED6B20076DFB6 /* BinarySearch.swift in Sources */ = {isa = PBXBuildFile; fileRef = 54A35D3724CED6B10076DFB6 /* BinarySearch.swift */; };
		54A35D4224CED6B20076DFB6 /* Iterator.swift in Sources */ = {isa = PBXBuildFile; fileRef = 54A35D3824CED6B10076DFB6 /* Iterator.swift */; };
		54A35D4324CED6B20076DFB6 /* Iteration.swift in Sources */ = {isa = PBXBuildFile; fileRef = 54A35D3924CED6B10076DFB6 /* Iteration.swift */; };
		54A35D4524CED6B20076DFB6 /* YLSwiftViewController.m in Sources */ = {isa = PBXBuildFile; fileRef = 54A35D3B24CED6B10076DFB6 /* YLSwiftViewController.m */; };
		54A35D4E24CED6FE0076DFB6 /* YLSDViewController.m in Sources */ = {isa = PBXBuildFile; fileRef = 54A35D4924CED6FE0076DFB6 /* YLSDViewController.m */; };
		54A35D4F24CED6FE0076DFB6 /* YLSDTableViewCell.m in Sources */ = {isa = PBXBuildFile; fileRef = 54A35D4B24CED6FE0076DFB6 /* YLSDTableViewCell.m */; };
		54A35D5024CED6FE0076DFB6 /* YLFlutterViewController.m in Sources */ = {isa = PBXBuildFile; fileRef = 54A35D4C24CED6FE0076DFB6 /* YLFlutterViewController.m */; };
		54A35D8624CED7290076DFB6 /* YLHitTestViewController.m in Sources */ = {isa = PBXBuildFile; fileRef = 54A35D5524CED7290076DFB6 /* YLHitTestViewController.m */; };
		54A35D8724CED7290076DFB6 /* YLStudent.m in Sources */ = {isa = PBXBuildFile; fileRef = 54A35D5624CED7290076DFB6 /* YLStudent.m */; };
		54A35D8824CED7290076DFB6 /* YLKVOViewController.m in Sources */ = {isa = PBXBuildFile; fileRef = 54A35D5724CED7290076DFB6 /* YLKVOViewController.m */; };
		54A35D8924CED7290076DFB6 /* YLNotifiTestViewController.m in Sources */ = {isa = PBXBuildFile; fileRef = 54A35D5C24CED7290076DFB6 /* YLNotifiTestViewController.m */; };
		54A35D8A24CED7290076DFB6 /* YLNotification.m in Sources */ = {isa = PBXBuildFile; fileRef = 54A35D5E24CED7290076DFB6 /* YLNotification.m */; };
		54A35D8B24CED7290076DFB6 /* YLNotificationCenter.m in Sources */ = {isa = PBXBuildFile; fileRef = 54A35D5F24CED7290076DFB6 /* YLNotificationCenter.m */; };
		54A35D8E24CED7290076DFB6 /* NSObject+Test.m in Sources */ = {isa = PBXBuildFile; fileRef = 54A35D6A24CED7290076DFB6 /* NSObject+Test.m */; };
		54A35D8F24CED7290076DFB6 /* YLSon.m in Sources */ = {isa = PBXBuildFile; fileRef = 54A35D6B24CED7290076DFB6 /* YLSon.m */; };
		54A35D9024CED7290076DFB6 /* YLFather.m in Sources */ = {isa = PBXBuildFile; fileRef = 54A35D6C24CED7290076DFB6 /* YLFather.m */; };
		54A35D9124CED7290076DFB6 /* YLFather+Job.m in Sources */ = {isa = PBXBuildFile; fileRef = 54A35D6D24CED7290076DFB6 /* YLFather+Job.m */; };
		54A35D9324CED7290076DFB6 /* YLLayerViewController.m in Sources */ = {isa = PBXBuildFile; fileRef = 54A35D7224CED7290076DFB6 /* YLLayerViewController.m */; };
		54A35D9424CED7290076DFB6 /* YLNotesViewController.m in Sources */ = {isa = PBXBuildFile; fileRef = 54A35D7424CED7290076DFB6 /* YLNotesViewController.m */; };
		54A35D9524CED7290076DFB6 /* YLClass+Test.m in Sources */ = {isa = PBXBuildFile; fileRef = 54A35D7624CED7290076DFB6 /* YLClass+Test.m */; };
		54A35D9624CED7290076DFB6 /* YLClass.m in Sources */ = {isa = PBXBuildFile; fileRef = 54A35D7724CED7290076DFB6 /* YLClass.m */; };
		54A35D9724CED7290076DFB6 /* YLTestAutoReleaseController.m in Sources */ = {isa = PBXBuildFile; fileRef = 54A35D7824CED7290076DFB6 /* YLTestAutoReleaseController.m */; };
		54A35D9824CED7290076DFB6 /* YLBlockViewController.m in Sources */ = {isa = PBXBuildFile; fileRef = 54A35D7E24CED7290076DFB6 /* YLBlockViewController.m */; };
		54A35D9924CED7290076DFB6 /* YLWebViewController.m in Sources */ = {isa = PBXBuildFile; fileRef = 54A35D8224CED7290076DFB6 /* YLWebViewController.m */; };
		54A35D9A24CED7290076DFB6 /* YLTheme.swift in Sources */ = {isa = PBXBuildFile; fileRef = 54A35D8424CED7290076DFB6 /* YLTheme.swift */; };
		54A35D9B24CED7290076DFB6 /* Test.swift in Sources */ = {isa = PBXBuildFile; fileRef = 54A35D8524CED7290076DFB6 /* Test.swift */; };
		54A35DAA24CED7A30076DFB6 /* YLNSOperationTest.m in Sources */ = {isa = PBXBuildFile; fileRef = 54A35DA024CED7A30076DFB6 /* YLNSOperationTest.m */; };
		54A35DAB24CED7A30076DFB6 /* YLOperation.m in Sources */ = {isa = PBXBuildFile; fileRef = 54A35DA224CED7A30076DFB6 /* YLOperation.m */; };
		54A35DAC24CED7A30076DFB6 /* YLGCDTest.m in Sources */ = {isa = PBXBuildFile; fileRef = 54A35DA324CED7A30076DFB6 /* YLGCDTest.m */; };
		54A35DAD24CED7A30076DFB6 /* YLThreadSync.m in Sources */ = {isa = PBXBuildFile; fileRef = 54A35DA624CED7A30076DFB6 /* YLThreadSync.m */; };
		54A35DAE24CED7A30076DFB6 /* YLThread.m in Sources */ = {isa = PBXBuildFile; fileRef = 54A35DA724CED7A30076DFB6 /* YLThread.m */; };
		54A35DAF24CED7A30076DFB6 /* YLGCDViewController.m in Sources */ = {isa = PBXBuildFile; fileRef = 54A35DA924CED7A30076DFB6 /* YLGCDViewController.m */; };
		54A35DB224CF216F0076DFB6 /* YLTestViewController.m in Sources */ = {isa = PBXBuildFile; fileRef = 54A35DB124CF216F0076DFB6 /* YLTestViewController.m */; };
		54A6517924D43033005FB5AD /* YLUser.m in Sources */ = {isa = PBXBuildFile; fileRef = 54A6517824D43033005FB5AD /* YLUser.m */; };
		54A6517C24D4305C005FB5AD /* YLUserViewController.m in Sources */ = {isa = PBXBuildFile; fileRef = 54A6517B24D4305C005FB5AD /* YLUserViewController.m */; };
		54C274C924B5A5BC00E9CF3F /* demo.js in Resources */ = {isa = PBXBuildFile; fileRef = 54C274C824B5A5BC00E9CF3F /* demo.js */; };
		7CF9D727AF55F73F668E08F6 /* Pods_YLNoteTests.framework in Frameworks */ = {isa = PBXBuildFile; fileRef = CEF3A6E338910EA0E0BB7CF4 /* Pods_YLNoteTests.framework */; };
/* End PBXBuildFile section */

/* Begin PBXContainerItemProxy section */
		548FF8A124A87F3300ECF7F0 /* PBXContainerItemProxy */ = {
			isa = PBXContainerItemProxy;
			containerPortal = 548FF87D24A87F3200ECF7F0 /* Project object */;
			proxyType = 1;
			remoteGlobalIDString = 548FF88424A87F3200ECF7F0;
			remoteInfo = YLNote;
		};
		548FF8AC24A87F3300ECF7F0 /* PBXContainerItemProxy */ = {
			isa = PBXContainerItemProxy;
			containerPortal = 548FF87D24A87F3200ECF7F0 /* Project object */;
			proxyType = 1;
			remoteGlobalIDString = 548FF88424A87F3200ECF7F0;
			remoteInfo = YLNote;
		};
/* End PBXContainerItemProxy section */

/* Begin PBXFileReference section */
		273E8879D27684D3E9614103 /* Pods-YLNote.debug.xcconfig */ = {isa = PBXFileReference; includeInIndex = 1; lastKnownFileType = text.xcconfig; name = "Pods-YLNote.debug.xcconfig"; path = "Target Support Files/Pods-YLNote/Pods-YLNote.debug.xcconfig"; sourceTree = "<group>"; };
		398CC9979A9A24DD695FE563 /* Pods_YLNote_YLNoteUITests.framework */ = {isa = PBXFileReference; explicitFileType = wrapper.framework; includeInIndex = 0; path = Pods_YLNote_YLNoteUITests.framework; sourceTree = BUILT_PRODUCTS_DIR; };
		543580F4259DBBEF00452D76 /* YLLogMessageManager.h */ = {isa = PBXFileReference; lastKnownFileType = sourcecode.c.h; path = YLLogMessageManager.h; sourceTree = "<group>"; };
		543580F5259DBBEF00452D76 /* YLLogMessageManager.m */ = {isa = PBXFileReference; lastKnownFileType = sourcecode.c.objc; path = YLLogMessageManager.m; sourceTree = "<group>"; };
		543580F825A2F48A00452D76 /* SwapNumbers.swift */ = {isa = PBXFileReference; lastKnownFileType = sourcecode.swift; path = SwapNumbers.swift; sourceTree = "<group>"; };
		543580FD25A3063600452D76 /* DataStructure.md */ = {isa = PBXFileReference; lastKnownFileType = net.daringfireball.markdown; path = DataStructure.md; sourceTree = "<group>"; };
		543580FE25A3198A00452D76 /* BinaryTree.swift */ = {isa = PBXFileReference; lastKnownFileType = sourcecode.swift; path = BinaryTree.swift; sourceTree = "<group>"; };
		5435810025A37EC500452D76 /* YLAlgorithmViewController.swift */ = {isa = PBXFileReference; lastKnownFileType = sourcecode.swift; path = YLAlgorithmViewController.swift; sourceTree = "<group>"; };
		5435811025A4D18900452D76 /* YLWebNoteManager.h */ = {isa = PBXFileReference; lastKnownFileType = sourcecode.c.h; path = YLWebNoteManager.h; sourceTree = "<group>"; };
		5435811125A4D18900452D76 /* YLWebNoteManager.m */ = {isa = PBXFileReference; lastKnownFileType = sourcecode.c.objc; path = YLWebNoteManager.m; sourceTree = "<group>"; };
		5435811325A4D23D00452D76 /* test.swift */ = {isa = PBXFileReference; lastKnownFileType = sourcecode.swift; path = test.swift; sourceTree = "<group>"; };
		5435811525A4D4D600452D76 /* YLRuntimeNoteManager.h */ = {isa = PBXFileReference; lastKnownFileType = sourcecode.c.h; path = YLRuntimeNoteManager.h; sourceTree = "<group>"; };
		5435811625A4D4D600452D76 /* YLRuntimeNoteManager.m */ = {isa = PBXFileReference; lastKnownFileType = sourcecode.c.objc; path = YLRuntimeNoteManager.m; sourceTree = "<group>"; };
		5435811825A4D67000452D76 /* YLUIKitNoteManger.m */ = {isa = PBXFileReference; fileEncoding = 4; lastKnownFileType = sourcecode.c.objc; path = YLUIKitNoteManger.m; sourceTree = "<group>"; };
		5435811925A4D67000452D76 /* YLUIKitNoteManger.h */ = {isa = PBXFileReference; fileEncoding = 4; lastKnownFileType = sourcecode.c.h; path = YLUIKitNoteManger.h; sourceTree = "<group>"; };
		5435811C25A4D8AC00452D76 /* YLAutoReleaseNoteManager.h */ = {isa = PBXFileReference; lastKnownFileType = sourcecode.c.h; path = YLAutoReleaseNoteManager.h; sourceTree = "<group>"; };
		5435811D25A4D8AC00452D76 /* YLAutoReleaseNoteManager.m */ = {isa = PBXFileReference; lastKnownFileType = sourcecode.c.objc; path = YLAutoReleaseNoteManager.m; sourceTree = "<group>"; };
		5435811F25A4D96B00452D76 /* YLKVONoteManager.h */ = {isa = PBXFileReference; lastKnownFileType = sourcecode.c.h; path = YLKVONoteManager.h; sourceTree = "<group>"; };
		5435812025A4D96B00452D76 /* YLKVONoteManager.m */ = {isa = PBXFileReference; lastKnownFileType = sourcecode.c.objc; path = YLKVONoteManager.m; sourceTree = "<group>"; };
		5435812325A4D9DF00452D76 /* YLGCDNoteManager.h */ = {isa = PBXFileReference; lastKnownFileType = sourcecode.c.h; path = YLGCDNoteManager.h; sourceTree = "<group>"; };
		5435812425A4D9DF00452D76 /* YLGCDNoteManager.m */ = {isa = PBXFileReference; lastKnownFileType = sourcecode.c.objc; path = YLGCDNoteManager.m; sourceTree = "<group>"; };
		5435812625A4DB2C00452D76 /* YLAnimationNoteManager.h */ = {isa = PBXFileReference; lastKnownFileType = sourcecode.c.h; path = YLAnimationNoteManager.h; sourceTree = "<group>"; };
		5435812725A4DB2C00452D76 /* YLAnimationNoteManager.m */ = {isa = PBXFileReference; lastKnownFileType = sourcecode.c.objc; path = YLAnimationNoteManager.m; sourceTree = "<group>"; };
		5435812A25A4DB6B00452D76 /* YLRunLoopNoteManager.h */ = {isa = PBXFileReference; lastKnownFileType = sourcecode.c.h; path = YLRunLoopNoteManager.h; sourceTree = "<group>"; };
		5435812B25A4DB6B00452D76 /* YLRunLoopNoteManager.m */ = {isa = PBXFileReference; lastKnownFileType = sourcecode.c.objc; path = YLRunLoopNoteManager.m; sourceTree = "<group>"; };
		5435812D25A4DC8C00452D76 /* YLBlockNoteManager.h */ = {isa = PBXFileReference; lastKnownFileType = sourcecode.c.h; path = YLBlockNoteManager.h; sourceTree = "<group>"; };
		5435812E25A4DC8C00452D76 /* YLBlockNoteManager.m */ = {isa = PBXFileReference; lastKnownFileType = sourcecode.c.objc; path = YLBlockNoteManager.m; sourceTree = "<group>"; };
		5435814425A9B8AC00452D76 /* YLWindowLoader.h */ = {isa = PBXFileReference; lastKnownFileType = sourcecode.c.h; path = YLWindowLoader.h; sourceTree = "<group>"; };
		5435814525A9B8AC00452D76 /* YLWindowLoader.m */ = {isa = PBXFileReference; lastKnownFileType = sourcecode.c.objc; path = YLWindowLoader.m; sourceTree = "<group>"; };
		5435814C25AC49EA00452D76 /* YLOrganism.h */ = {isa = PBXFileReference; lastKnownFileType = sourcecode.c.h; path = YLOrganism.h; sourceTree = "<group>"; };
		5435814D25AC49EA00452D76 /* YLOrganism.m */ = {isa = PBXFileReference; lastKnownFileType = sourcecode.c.objc; path = YLOrganism.m; sourceTree = "<group>"; };
		5435816325AC631600452D76 /* YLDinodsaul.h */ = {isa = PBXFileReference; lastKnownFileType = sourcecode.c.h; path = YLDinodsaul.h; sourceTree = "<group>"; };
		5435816425AC631600452D76 /* YLDinodsaul.m */ = {isa = PBXFileReference; lastKnownFileType = sourcecode.c.objc; path = YLDinodsaul.m; sourceTree = "<group>"; };
		5435817125AC715300452D76 /* YLClassificationLevelDomain.m */ = {isa = PBXFileReference; lastKnownFileType = sourcecode.c.objc; path = YLClassificationLevelDomain.m; sourceTree = "<group>"; };
		5435817325AC716900452D76 /* YLClassificationLevelKingdom.h */ = {isa = PBXFileReference; lastKnownFileType = sourcecode.c.h; path = YLClassificationLevelKingdom.h; sourceTree = "<group>"; };
		5435817425AC716900452D76 /* YLClassificationLevelKingdom.m */ = {isa = PBXFileReference; lastKnownFileType = sourcecode.c.objc; path = YLClassificationLevelKingdom.m; sourceTree = "<group>"; };
		5435817625AD6E9F00452D76 /* YLClassificationLevelPhylum.h */ = {isa = PBXFileReference; lastKnownFileType = sourcecode.c.h; path = YLClassificationLevelPhylum.h; sourceTree = "<group>"; };
		5435817725AD6E9F00452D76 /* YLClassificationLevelPhylum.m */ = {isa = PBXFileReference; lastKnownFileType = sourcecode.c.objc; path = YLClassificationLevelPhylum.m; sourceTree = "<group>"; };
		5435817925AD6F0A00452D76 /* YLClassificationLevelSuperClass.h */ = {isa = PBXFileReference; lastKnownFileType = sourcecode.c.h; path = YLClassificationLevelSuperClass.h; sourceTree = "<group>"; };
		5435817A25AD6F0A00452D76 /* YLClassificationLevelSuperClass.m */ = {isa = PBXFileReference; lastKnownFileType = sourcecode.c.objc; path = YLClassificationLevelSuperClass.m; sourceTree = "<group>"; };
		5435817C25AD6F6500452D76 /* YLClassificationLevelSuperGenus.h */ = {isa = PBXFileReference; lastKnownFileType = sourcecode.c.h; path = YLClassificationLevelSuperGenus.h; sourceTree = "<group>"; };
		5435817D25AD6F6500452D76 /* YLClassificationLevelSuperGenus.m */ = {isa = PBXFileReference; lastKnownFileType = sourcecode.c.objc; path = YLClassificationLevelSuperGenus.m; sourceTree = "<group>"; };
		5435817F25AD6FF700452D76 /* YLClassificationLevelSuperOrder.h */ = {isa = PBXFileReference; lastKnownFileType = sourcecode.c.h; path = YLClassificationLevelSuperOrder.h; sourceTree = "<group>"; };
		5435818025AD6FF700452D76 /* YLClassificationLevelSuperOrder.m */ = {isa = PBXFileReference; lastKnownFileType = sourcecode.c.objc; path = YLClassificationLevelSuperOrder.m; sourceTree = "<group>"; };
		5435818225AD704100452D76 /* YLClassificationLevelSuperFamily.h */ = {isa = PBXFileReference; lastKnownFileType = sourcecode.c.h; path = YLClassificationLevelSuperFamily.h; sourceTree = "<group>"; };
		5435818325AD704100452D76 /* YLClassificationLevelSuperFamily.m */ = {isa = PBXFileReference; lastKnownFileType = sourcecode.c.objc; path = YLClassificationLevelSuperFamily.m; sourceTree = "<group>"; };
		5435818525AD70C600452D76 /* YLClassificationLevelSuperSpecies.h */ = {isa = PBXFileReference; lastKnownFileType = sourcecode.c.h; path = YLClassificationLevelSuperSpecies.h; sourceTree = "<group>"; };
		5435818625AD70C600452D76 /* YLClassificationLevelSuperSpecies.m */ = {isa = PBXFileReference; lastKnownFileType = sourcecode.c.objc; path = YLClassificationLevelSuperSpecies.m; sourceTree = "<group>"; };
		5435818825AD77AF00452D76 /* YLClassificationLevelDomain.h */ = {isa = PBXFileReference; fileEncoding = 4; lastKnownFileType = sourcecode.c.h; path = YLClassificationLevelDomain.h; sourceTree = "<group>"; };
		5435818925AD8F1A00452D76 /* TRex.json */ = {isa = PBXFileReference; fileEncoding = 4; lastKnownFileType = text.json; path = TRex.json; sourceTree = "<group>"; };
		5435818F25AD94F200452D76 /* YLAlertManager.m */ = {isa = PBXFileReference; fileEncoding = 4; lastKnownFileType = sourcecode.c.objc; name = YLAlertManager.m; path = YLNote/Note/Foundation/Uitility/Model/YLAlertManager.m; sourceTree = SOURCE_ROOT; };
		5435819125AD94F200452D76 /* YLAlertManager.h */ = {isa = PBXFileReference; fileEncoding = 4; lastKnownFileType = sourcecode.c.h; name = YLAlertManager.h; path = YLNote/Note/Foundation/Uitility/Model/YLAlertManager.h; sourceTree = SOURCE_ROOT; };
		5435819225AD94F200452D76 /* YLFileManager.h */ = {isa = PBXFileReference; fileEncoding = 4; lastKnownFileType = sourcecode.c.h; name = YLFileManager.h; path = YLNote/Note/Foundation/Uitility/Model/YLFileManager.h; sourceTree = SOURCE_ROOT; };
		5435819325AD94F200452D76 /* YLFileManager.m */ = {isa = PBXFileReference; fileEncoding = 4; lastKnownFileType = sourcecode.c.objc; name = YLFileManager.m; path = YLNote/Note/Foundation/Uitility/Model/YLFileManager.m; sourceTree = SOURCE_ROOT; };
		5435819725AD952200452D76 /* YLPerson.m */ = {isa = PBXFileReference; fileEncoding = 4; lastKnownFileType = sourcecode.c.objc; name = YLPerson.m; path = YLNote/Models/YLPerson.m; sourceTree = SOURCE_ROOT; };
		5435819A25AD952200452D76 /* YLPerson.h */ = {isa = PBXFileReference; fileEncoding = 4; lastKnownFileType = sourcecode.c.h; name = YLPerson.h; path = YLNote/Models/YLPerson.h; sourceTree = SOURCE_ROOT; };
		543581A125AD953E00452D76 /* YLFoundationNoteManger.m */ = {isa = PBXFileReference; fileEncoding = 4; lastKnownFileType = sourcecode.c.objc; name = YLFoundationNoteManger.m; path = YLNote/Foundation/YLFoundationNoteManger.m; sourceTree = SOURCE_ROOT; };
		543581A325AD953E00452D76 /* YLArticalViewController.m */ = {isa = PBXFileReference; fileEncoding = 4; lastKnownFileType = sourcecode.c.objc; name = YLArticalViewController.m; path = YLNote/Note/Foundation/Uitility/Controller/YLArticalViewController.m; sourceTree = SOURCE_ROOT; };
		543581A425AD953E00452D76 /* YLArticalViewController.h */ = {isa = PBXFileReference; fileEncoding = 4; lastKnownFileType = sourcecode.c.h; name = YLArticalViewController.h; path = YLNote/Note/Foundation/Uitility/Controller/YLArticalViewController.h; sourceTree = SOURCE_ROOT; };
		543581A525AD953E00452D76 /* YLFoundationNoteManger.h */ = {isa = PBXFileReference; fileEncoding = 4; lastKnownFileType = sourcecode.c.h; name = YLFoundationNoteManger.h; path = YLNote/Foundation/YLFoundationNoteManger.h; sourceTree = SOURCE_ROOT; };
		543581A925AD95FF00452D76 /* YLLStudent.h */ = {isa = PBXFileReference; fileEncoding = 4; lastKnownFileType = sourcecode.c.h; name = YLLStudent.h; path = YLNote/Models/YLLStudent.h; sourceTree = SOURCE_ROOT; };
		543581AA25AD95FF00452D76 /* YLLStudent.m */ = {isa = PBXFileReference; fileEncoding = 4; lastKnownFileType = sourcecode.c.objc; name = YLLStudent.m; path = YLNote/Models/YLLStudent.m; sourceTree = SOURCE_ROOT; };
		543581B025ADBA4200452D76 /* YLSafeMutableArray.h */ = {isa = PBXFileReference; fileEncoding = 4; lastKnownFileType = sourcecode.c.h; path = YLSafeMutableArray.h; sourceTree = "<group>"; };
		543581B125ADBA4200452D76 /* YLSafeMutableArray.m */ = {isa = PBXFileReference; fileEncoding = 4; lastKnownFileType = sourcecode.c.objc; path = YLSafeMutableArray.m; sourceTree = "<group>"; };
		548FF88524A87F3200ECF7F0 /* YLNote.app */ = {isa = PBXFileReference; explicitFileType = wrapper.application; includeInIndex = 0; path = YLNote.app; sourceTree = BUILT_PRODUCTS_DIR; };
		548FF88824A87F3200ECF7F0 /* AppDelegate.h */ = {isa = PBXFileReference; lastKnownFileType = sourcecode.c.h; path = AppDelegate.h; sourceTree = "<group>"; };
		548FF88924A87F3200ECF7F0 /* AppDelegate.m */ = {isa = PBXFileReference; lastKnownFileType = sourcecode.c.objc; path = AppDelegate.m; sourceTree = "<group>"; };
		548FF89224A87F3200ECF7F0 /* Base */ = {isa = PBXFileReference; lastKnownFileType = file.storyboard; name = Base; path = Base.lproj/Main.storyboard; sourceTree = "<group>"; };
		548FF89424A87F3300ECF7F0 /* Assets.xcassets */ = {isa = PBXFileReference; lastKnownFileType = folder.assetcatalog; path = Assets.xcassets; sourceTree = "<group>"; };
		548FF89724A87F3300ECF7F0 /* Base */ = {isa = PBXFileReference; lastKnownFileType = file.storyboard; name = Base; path = Base.lproj/LaunchScreen.storyboard; sourceTree = "<group>"; };
		548FF89924A87F3300ECF7F0 /* Info.plist */ = {isa = PBXFileReference; lastKnownFileType = text.plist.xml; path = Info.plist; sourceTree = "<group>"; };
		548FF89A24A87F3300ECF7F0 /* main.m */ = {isa = PBXFileReference; lastKnownFileType = sourcecode.c.objc; path = main.m; sourceTree = "<group>"; };
		548FF8A024A87F3300ECF7F0 /* YLNoteTests.xctest */ = {isa = PBXFileReference; explicitFileType = wrapper.cfbundle; includeInIndex = 0; path = YLNoteTests.xctest; sourceTree = BUILT_PRODUCTS_DIR; };
		548FF8A424A87F3300ECF7F0 /* YLNoteTests.m */ = {isa = PBXFileReference; lastKnownFileType = sourcecode.c.objc; path = YLNoteTests.m; sourceTree = "<group>"; };
		548FF8A624A87F3300ECF7F0 /* Info.plist */ = {isa = PBXFileReference; lastKnownFileType = text.plist.xml; path = Info.plist; sourceTree = "<group>"; };
		548FF8AB24A87F3300ECF7F0 /* YLNoteUITests.xctest */ = {isa = PBXFileReference; explicitFileType = wrapper.cfbundle; includeInIndex = 0; path = YLNoteUITests.xctest; sourceTree = BUILT_PRODUCTS_DIR; };
		548FF8AF24A87F3300ECF7F0 /* YLNoteUITests.m */ = {isa = PBXFileReference; lastKnownFileType = sourcecode.c.objc; path = YLNoteUITests.m; sourceTree = "<group>"; };
		548FF8B124A87F3300ECF7F0 /* Info.plist */ = {isa = PBXFileReference; lastKnownFileType = text.plist.xml; path = Info.plist; sourceTree = "<group>"; };
		548FF8D624AC5F5E00ECF7F0 /* YLDefaultMacro.h */ = {isa = PBXFileReference; fileEncoding = 4; lastKnownFileType = sourcecode.c.h; path = YLDefaultMacro.h; sourceTree = "<group>"; };
		54A35D3024CED6B10076DFB6 /* YLSwiftViewController.h */ = {isa = PBXFileReference; fileEncoding = 4; lastKnownFileType = sourcecode.c.h; path = YLSwiftViewController.h; sourceTree = "<group>"; };
		54A35D3224CED6B10076DFB6 /* Stack.swift */ = {isa = PBXFileReference; fileEncoding = 4; lastKnownFileType = sourcecode.swift; path = Stack.swift; sourceTree = "<group>"; };
		54A35D3324CED6B10076DFB6 /* DoublePointer.swift */ = {isa = PBXFileReference; fileEncoding = 4; lastKnownFileType = sourcecode.swift; path = DoublePointer.swift; sourceTree = "<group>"; };
		54A35D3424CED6B10076DFB6 /* YLTreeNode.swift */ = {isa = PBXFileReference; fileEncoding = 4; lastKnownFileType = sourcecode.swift; path = YLTreeNode.swift; sourceTree = "<group>"; };
		54A35D3524CED6B10076DFB6 /* Recursion.swift */ = {isa = PBXFileReference; fileEncoding = 4; lastKnownFileType = sourcecode.swift; path = Recursion.swift; sourceTree = "<group>"; };
		54A35D3624CED6B10076DFB6 /* YLAlgorithmViewController2.swift */ = {isa = PBXFileReference; fileEncoding = 4; lastKnownFileType = sourcecode.swift; path = YLAlgorithmViewController2.swift; sourceTree = "<group>"; };
		54A35D3724CED6B10076DFB6 /* BinarySearch.swift */ = {isa = PBXFileReference; fileEncoding = 4; lastKnownFileType = sourcecode.swift; path = BinarySearch.swift; sourceTree = "<group>"; };
		54A35D3824CED6B10076DFB6 /* Iterator.swift */ = {isa = PBXFileReference; fileEncoding = 4; lastKnownFileType = sourcecode.swift; path = Iterator.swift; sourceTree = "<group>"; };
		54A35D3924CED6B10076DFB6 /* Iteration.swift */ = {isa = PBXFileReference; fileEncoding = 4; lastKnownFileType = sourcecode.swift; path = Iteration.swift; sourceTree = "<group>"; };
		54A35D3B24CED6B10076DFB6 /* YLSwiftViewController.m */ = {isa = PBXFileReference; fileEncoding = 4; lastKnownFileType = sourcecode.c.objc; path = YLSwiftViewController.m; sourceTree = "<group>"; };
		54A35D4824CED6FE0076DFB6 /* YLSDTableViewCell.h */ = {isa = PBXFileReference; fileEncoding = 4; lastKnownFileType = sourcecode.c.h; path = YLSDTableViewCell.h; sourceTree = "<group>"; };
		54A35D4924CED6FE0076DFB6 /* YLSDViewController.m */ = {isa = PBXFileReference; fileEncoding = 4; lastKnownFileType = sourcecode.c.objc; path = YLSDViewController.m; sourceTree = "<group>"; };
		54A35D4A24CED6FE0076DFB6 /* YLSDViewController.h */ = {isa = PBXFileReference; fileEncoding = 4; lastKnownFileType = sourcecode.c.h; path = YLSDViewController.h; sourceTree = "<group>"; };
		54A35D4B24CED6FE0076DFB6 /* YLSDTableViewCell.m */ = {isa = PBXFileReference; fileEncoding = 4; lastKnownFileType = sourcecode.c.objc; path = YLSDTableViewCell.m; sourceTree = "<group>"; };
		54A35D4C24CED6FE0076DFB6 /* YLFlutterViewController.m */ = {isa = PBXFileReference; fileEncoding = 4; lastKnownFileType = sourcecode.c.objc; path = YLFlutterViewController.m; sourceTree = "<group>"; };
		54A35D4D24CED6FE0076DFB6 /* YLFlutterViewController.h */ = {isa = PBXFileReference; fileEncoding = 4; lastKnownFileType = sourcecode.c.h; path = YLFlutterViewController.h; sourceTree = "<group>"; };
		54A35D5224CED7290076DFB6 /* YLNotesViewController.h */ = {isa = PBXFileReference; fileEncoding = 4; lastKnownFileType = sourcecode.c.h; path = YLNotesViewController.h; sourceTree = "<group>"; };
		54A35D5424CED7290076DFB6 /* YLKVOViewController.h */ = {isa = PBXFileReference; fileEncoding = 4; lastKnownFileType = sourcecode.c.h; path = YLKVOViewController.h; sourceTree = "<group>"; };
		54A35D5524CED7290076DFB6 /* YLHitTestViewController.m */ = {isa = PBXFileReference; fileEncoding = 4; lastKnownFileType = sourcecode.c.objc; path = YLHitTestViewController.m; sourceTree = "<group>"; };
		54A35D5624CED7290076DFB6 /* YLStudent.m */ = {isa = PBXFileReference; fileEncoding = 4; lastKnownFileType = sourcecode.c.objc; path = YLStudent.m; sourceTree = "<group>"; };
		54A35D5724CED7290076DFB6 /* YLKVOViewController.m */ = {isa = PBXFileReference; fileEncoding = 4; lastKnownFileType = sourcecode.c.objc; path = YLKVOViewController.m; sourceTree = "<group>"; };
		54A35D5824CED7290076DFB6 /* YLStudent.h */ = {isa = PBXFileReference; fileEncoding = 4; lastKnownFileType = sourcecode.c.h; path = YLStudent.h; sourceTree = "<group>"; };
		54A35D5924CED7290076DFB6 /* YLHitTestViewController.h */ = {isa = PBXFileReference; fileEncoding = 4; lastKnownFileType = sourcecode.c.h; path = YLHitTestViewController.h; sourceTree = "<group>"; };
		54A35D5B24CED7290076DFB6 /* YLNotificationCenter.h */ = {isa = PBXFileReference; fileEncoding = 4; lastKnownFileType = sourcecode.c.h; path = YLNotificationCenter.h; sourceTree = "<group>"; };
		54A35D5C24CED7290076DFB6 /* YLNotifiTestViewController.m */ = {isa = PBXFileReference; fileEncoding = 4; lastKnownFileType = sourcecode.c.objc; path = YLNotifiTestViewController.m; sourceTree = "<group>"; };
		54A35D5E24CED7290076DFB6 /* YLNotification.m */ = {isa = PBXFileReference; fileEncoding = 4; lastKnownFileType = sourcecode.c.objc; path = YLNotification.m; sourceTree = "<group>"; };
		54A35D5F24CED7290076DFB6 /* YLNotificationCenter.m */ = {isa = PBXFileReference; fileEncoding = 4; lastKnownFileType = sourcecode.c.objc; path = YLNotificationCenter.m; sourceTree = "<group>"; };
		54A35D6124CED7290076DFB6 /* YLNotifiTestViewController.h */ = {isa = PBXFileReference; fileEncoding = 4; lastKnownFileType = sourcecode.c.h; path = YLNotifiTestViewController.h; sourceTree = "<group>"; };
		54A35D6224CED7290076DFB6 /* YLNotification.h */ = {isa = PBXFileReference; fileEncoding = 4; lastKnownFileType = sourcecode.c.h; path = YLNotification.h; sourceTree = "<group>"; };
		54A35D6424CED7290076DFB6 /* NSObject+Test.h */ = {isa = PBXFileReference; fileEncoding = 4; lastKnownFileType = sourcecode.c.h; path = "NSObject+Test.h"; sourceTree = "<group>"; };
		54A35D6524CED7290076DFB6 /* YLFather.h */ = {isa = PBXFileReference; fileEncoding = 4; lastKnownFileType = sourcecode.c.h; path = YLFather.h; sourceTree = "<group>"; };
		54A35D6624CED7290076DFB6 /* YLSon.h */ = {isa = PBXFileReference; fileEncoding = 4; lastKnownFileType = sourcecode.c.h; path = YLSon.h; sourceTree = "<group>"; };
		54A35D6824CED7290076DFB6 /* YLFather+Job.h */ = {isa = PBXFileReference; fileEncoding = 4; lastKnownFileType = sourcecode.c.h; path = "YLFather+Job.h"; sourceTree = "<group>"; };
		54A35D6A24CED7290076DFB6 /* NSObject+Test.m */ = {isa = PBXFileReference; fileEncoding = 4; lastKnownFileType = sourcecode.c.objc; path = "NSObject+Test.m"; sourceTree = "<group>"; };
		54A35D6B24CED7290076DFB6 /* YLSon.m */ = {isa = PBXFileReference; fileEncoding = 4; lastKnownFileType = sourcecode.c.objc; path = YLSon.m; sourceTree = "<group>"; };
		54A35D6C24CED7290076DFB6 /* YLFather.m */ = {isa = PBXFileReference; fileEncoding = 4; lastKnownFileType = sourcecode.c.objc; path = YLFather.m; sourceTree = "<group>"; };
		54A35D6D24CED7290076DFB6 /* YLFather+Job.m */ = {isa = PBXFileReference; fileEncoding = 4; lastKnownFileType = sourcecode.c.objc; path = "YLFather+Job.m"; sourceTree = "<group>"; };
		54A35D7224CED7290076DFB6 /* YLLayerViewController.m */ = {isa = PBXFileReference; fileEncoding = 4; lastKnownFileType = sourcecode.c.objc; path = YLLayerViewController.m; sourceTree = "<group>"; };
		54A35D7324CED7290076DFB6 /* YLLayerViewController.h */ = {isa = PBXFileReference; fileEncoding = 4; lastKnownFileType = sourcecode.c.h; path = YLLayerViewController.h; sourceTree = "<group>"; };
		54A35D7424CED7290076DFB6 /* YLNotesViewController.m */ = {isa = PBXFileReference; fileEncoding = 4; lastKnownFileType = sourcecode.c.objc; path = YLNotesViewController.m; sourceTree = "<group>"; };
		54A35D7624CED7290076DFB6 /* YLClass+Test.m */ = {isa = PBXFileReference; fileEncoding = 4; lastKnownFileType = sourcecode.c.objc; path = "YLClass+Test.m"; sourceTree = "<group>"; };
		54A35D7724CED7290076DFB6 /* YLClass.m */ = {isa = PBXFileReference; fileEncoding = 4; lastKnownFileType = sourcecode.c.objc; path = YLClass.m; sourceTree = "<group>"; };
		54A35D7824CED7290076DFB6 /* YLTestAutoReleaseController.m */ = {isa = PBXFileReference; fileEncoding = 4; lastKnownFileType = sourcecode.c.objc; path = YLTestAutoReleaseController.m; sourceTree = "<group>"; };
		54A35D7924CED7290076DFB6 /* YLClass+Test.h */ = {isa = PBXFileReference; fileEncoding = 4; lastKnownFileType = sourcecode.c.h; path = "YLClass+Test.h"; sourceTree = "<group>"; };
		54A35D7A24CED7290076DFB6 /* YLTestAutoReleaseController.h */ = {isa = PBXFileReference; fileEncoding = 4; lastKnownFileType = sourcecode.c.h; path = YLTestAutoReleaseController.h; sourceTree = "<group>"; };
		54A35D7B24CED7290076DFB6 /* YLClass.h */ = {isa = PBXFileReference; fileEncoding = 4; lastKnownFileType = sourcecode.c.h; path = YLClass.h; sourceTree = "<group>"; };
		54A35D7D24CED7290076DFB6 /* YLBlockViewController.h */ = {isa = PBXFileReference; fileEncoding = 4; lastKnownFileType = sourcecode.c.h; path = YLBlockViewController.h; sourceTree = "<group>"; };
		54A35D7E24CED7290076DFB6 /* YLBlockViewController.m */ = {isa = PBXFileReference; fileEncoding = 4; lastKnownFileType = sourcecode.c.objc; path = YLBlockViewController.m; sourceTree = "<group>"; };
		54A35D8024CED7290076DFB6 /* YLJSProtocol.h */ = {isa = PBXFileReference; fileEncoding = 4; lastKnownFileType = sourcecode.c.h; path = YLJSProtocol.h; sourceTree = "<group>"; };
		54A35D8124CED7290076DFB6 /* YLWebViewController.h */ = {isa = PBXFileReference; fileEncoding = 4; lastKnownFileType = sourcecode.c.h; path = YLWebViewController.h; sourceTree = "<group>"; };
		54A35D8224CED7290076DFB6 /* YLWebViewController.m */ = {isa = PBXFileReference; fileEncoding = 4; lastKnownFileType = sourcecode.c.objc; path = YLWebViewController.m; sourceTree = "<group>"; };
		54A35D8424CED7290076DFB6 /* YLTheme.swift */ = {isa = PBXFileReference; fileEncoding = 4; lastKnownFileType = sourcecode.swift; path = YLTheme.swift; sourceTree = "<group>"; };
		54A35D8524CED7290076DFB6 /* Test.swift */ = {isa = PBXFileReference; fileEncoding = 4; lastKnownFileType = sourcecode.swift; path = Test.swift; sourceTree = "<group>"; };
		54A35D9D24CED7A30076DFB6 /* YLOperation.h */ = {isa = PBXFileReference; fileEncoding = 4; lastKnownFileType = sourcecode.c.h; path = YLOperation.h; sourceTree = "<group>"; };
		54A35D9E24CED7A30076DFB6 /* YLGCDTest.h */ = {isa = PBXFileReference; fileEncoding = 4; lastKnownFileType = sourcecode.c.h; path = YLGCDTest.h; sourceTree = "<group>"; };
		54A35D9F24CED7A30076DFB6 /* YLGCDViewController.h */ = {isa = PBXFileReference; fileEncoding = 4; lastKnownFileType = sourcecode.c.h; path = YLGCDViewController.h; sourceTree = "<group>"; };
		54A35DA024CED7A30076DFB6 /* YLNSOperationTest.m */ = {isa = PBXFileReference; fileEncoding = 4; lastKnownFileType = sourcecode.c.objc; path = YLNSOperationTest.m; sourceTree = "<group>"; };
		54A35DA124CED7A30076DFB6 /* YLThread.h */ = {isa = PBXFileReference; fileEncoding = 4; lastKnownFileType = sourcecode.c.h; path = YLThread.h; sourceTree = "<group>"; };
		54A35DA224CED7A30076DFB6 /* YLOperation.m */ = {isa = PBXFileReference; fileEncoding = 4; lastKnownFileType = sourcecode.c.objc; path = YLOperation.m; sourceTree = "<group>"; };
		54A35DA324CED7A30076DFB6 /* YLGCDTest.m */ = {isa = PBXFileReference; fileEncoding = 4; lastKnownFileType = sourcecode.c.objc; path = YLGCDTest.m; sourceTree = "<group>"; };
		54A35DA524CED7A30076DFB6 /* YLThreadSync.h */ = {isa = PBXFileReference; fileEncoding = 4; lastKnownFileType = sourcecode.c.h; path = YLThreadSync.h; sourceTree = "<group>"; };
		54A35DA624CED7A30076DFB6 /* YLThreadSync.m */ = {isa = PBXFileReference; fileEncoding = 4; lastKnownFileType = sourcecode.c.objc; path = YLThreadSync.m; sourceTree = "<group>"; };
		54A35DA724CED7A30076DFB6 /* YLThread.m */ = {isa = PBXFileReference; fileEncoding = 4; lastKnownFileType = sourcecode.c.objc; path = YLThread.m; sourceTree = "<group>"; };
		54A35DA824CED7A30076DFB6 /* YLNSOperationTest.h */ = {isa = PBXFileReference; fileEncoding = 4; lastKnownFileType = sourcecode.c.h; path = YLNSOperationTest.h; sourceTree = "<group>"; };
		54A35DA924CED7A30076DFB6 /* YLGCDViewController.m */ = {isa = PBXFileReference; fileEncoding = 4; lastKnownFileType = sourcecode.c.objc; path = YLGCDViewController.m; sourceTree = "<group>"; };
		54A35DB024CF216F0076DFB6 /* YLTestViewController.h */ = {isa = PBXFileReference; lastKnownFileType = sourcecode.c.h; path = YLTestViewController.h; sourceTree = "<group>"; };
		54A35DB124CF216F0076DFB6 /* YLTestViewController.m */ = {isa = PBXFileReference; lastKnownFileType = sourcecode.c.objc; path = YLTestViewController.m; sourceTree = "<group>"; };
		54A6517724D43033005FB5AD /* YLUser.h */ = {isa = PBXFileReference; lastKnownFileType = sourcecode.c.h; path = YLUser.h; sourceTree = "<group>"; };
		54A6517824D43033005FB5AD /* YLUser.m */ = {isa = PBXFileReference; lastKnownFileType = sourcecode.c.objc; path = YLUser.m; sourceTree = "<group>"; };
		54A6517A24D4305C005FB5AD /* YLUserViewController.h */ = {isa = PBXFileReference; lastKnownFileType = sourcecode.c.h; path = YLUserViewController.h; sourceTree = "<group>"; };
		54A6517B24D4305C005FB5AD /* YLUserViewController.m */ = {isa = PBXFileReference; lastKnownFileType = sourcecode.c.objc; path = YLUserViewController.m; sourceTree = "<group>"; };
		54AEE76024CECF2200A6CFC7 /* YLNote-Bridging-Header.h */ = {isa = PBXFileReference; fileEncoding = 4; lastKnownFileType = sourcecode.c.h; path = "YLNote-Bridging-Header.h"; sourceTree = "<group>"; };
		54C274C824B5A5BC00E9CF3F /* demo.js */ = {isa = PBXFileReference; fileEncoding = 4; lastKnownFileType = sourcecode.javascript; path = demo.js; sourceTree = SOURCE_ROOT; };
		5A27EA1156BF8D664E97CBFF /* Pods-YLNote-YLNoteUITests.debug.xcconfig */ = {isa = PBXFileReference; includeInIndex = 1; lastKnownFileType = text.xcconfig; name = "Pods-YLNote-YLNoteUITests.debug.xcconfig"; path = "Target Support Files/Pods-YLNote-YLNoteUITests/Pods-YLNote-YLNoteUITests.debug.xcconfig"; sourceTree = "<group>"; };
		BAB2027457CA0C28B9DBEF54 /* Pods-YLNoteTests.release.xcconfig */ = {isa = PBXFileReference; includeInIndex = 1; lastKnownFileType = text.xcconfig; name = "Pods-YLNoteTests.release.xcconfig"; path = "Target Support Files/Pods-YLNoteTests/Pods-YLNoteTests.release.xcconfig"; sourceTree = "<group>"; };
		C9CC936E282AACC01F31CBA1 /* Pods-YLNoteTests.debug.xcconfig */ = {isa = PBXFileReference; includeInIndex = 1; lastKnownFileType = text.xcconfig; name = "Pods-YLNoteTests.debug.xcconfig"; path = "Target Support Files/Pods-YLNoteTests/Pods-YLNoteTests.debug.xcconfig"; sourceTree = "<group>"; };
		CB38DB6FF77CE573EFE28BF7 /* Pods_YLNote.framework */ = {isa = PBXFileReference; explicitFileType = wrapper.framework; includeInIndex = 0; path = Pods_YLNote.framework; sourceTree = BUILT_PRODUCTS_DIR; };
		CEF3A6E338910EA0E0BB7CF4 /* Pods_YLNoteTests.framework */ = {isa = PBXFileReference; explicitFileType = wrapper.framework; includeInIndex = 0; path = Pods_YLNoteTests.framework; sourceTree = BUILT_PRODUCTS_DIR; };
		D3CBC7F0BAB7DE4B05DD186E /* Pods-YLNote-YLNoteUITests.release.xcconfig */ = {isa = PBXFileReference; includeInIndex = 1; lastKnownFileType = text.xcconfig; name = "Pods-YLNote-YLNoteUITests.release.xcconfig"; path = "Target Support Files/Pods-YLNote-YLNoteUITests/Pods-YLNote-YLNoteUITests.release.xcconfig"; sourceTree = "<group>"; };
		E8E719A45CBC6CF50E769964 /* Pods-YLNote.release.xcconfig */ = {isa = PBXFileReference; includeInIndex = 1; lastKnownFileType = text.xcconfig; name = "Pods-YLNote.release.xcconfig"; path = "Target Support Files/Pods-YLNote/Pods-YLNote.release.xcconfig"; sourceTree = "<group>"; };
/* End PBXFileReference section */

/* Begin PBXFrameworksBuildPhase section */
		548FF88224A87F3200ECF7F0 /* Frameworks */ = {
			isa = PBXFrameworksBuildPhase;
			buildActionMask = 2147483647;
			files = (
				0B6AEF8E7A635C12F7790699 /* Pods_YLNote.framework in Frameworks */,
			);
			runOnlyForDeploymentPostprocessing = 0;
		};
		548FF89D24A87F3300ECF7F0 /* Frameworks */ = {
			isa = PBXFrameworksBuildPhase;
			buildActionMask = 2147483647;
			files = (
				7CF9D727AF55F73F668E08F6 /* Pods_YLNoteTests.framework in Frameworks */,
			);
			runOnlyForDeploymentPostprocessing = 0;
		};
		548FF8A824A87F3300ECF7F0 /* Frameworks */ = {
			isa = PBXFrameworksBuildPhase;
			buildActionMask = 2147483647;
			files = (
				3F0514EF978C06B29C253C2F /* Pods_YLNote_YLNoteUITests.framework in Frameworks */,
			);
			runOnlyForDeploymentPostprocessing = 0;
		};
/* End PBXFrameworksBuildPhase section */

/* Begin PBXGroup section */
		01EAE44180A36E0819440766 /* Pods */ = {
			isa = PBXGroup;
			children = (
				273E8879D27684D3E9614103 /* Pods-YLNote.debug.xcconfig */,
				E8E719A45CBC6CF50E769964 /* Pods-YLNote.release.xcconfig */,
				5A27EA1156BF8D664E97CBFF /* Pods-YLNote-YLNoteUITests.debug.xcconfig */,
				D3CBC7F0BAB7DE4B05DD186E /* Pods-YLNote-YLNoteUITests.release.xcconfig */,
				C9CC936E282AACC01F31CBA1 /* Pods-YLNoteTests.debug.xcconfig */,
				BAB2027457CA0C28B9DBEF54 /* Pods-YLNoteTests.release.xcconfig */,
			);
			path = Pods;
			sourceTree = "<group>";
		};
		543580F3259DBBAB00452D76 /* Log */ = {
			isa = PBXGroup;
			children = (
				543580F4259DBBEF00452D76 /* YLLogMessageManager.h */,
				543580F5259DBBEF00452D76 /* YLLogMessageManager.m */,
			);
			path = Log;
			sourceTree = "<group>";
		};
		543580F725A2F46600452D76 /* 算法 */ = {
			isa = PBXGroup;
			children = (
				543580F825A2F48A00452D76 /* SwapNumbers.swift */,
				543580FE25A3198A00452D76 /* BinaryTree.swift */,
				5435811325A4D23D00452D76 /* test.swift */,
			);
			path = "算法";
			sourceTree = "<group>";
		};
		543580FC25A305CB00452D76 /* 数据结构 */ = {
			isa = PBXGroup;
			children = (
				543580FD25A3063600452D76 /* DataStructure.md */,
			);
			path = "数据结构";
			sourceTree = "<group>";
		};
		5435810225A4CF2600452D76 /* Foundation */ = {
			isa = PBXGroup;
			children = (
				543581A525AD953E00452D76 /* YLFoundationNoteManger.h */,
				543581A125AD953E00452D76 /* YLFoundationNoteManger.m */,
				543581AF25ADB8DC00452D76 /* DemoModels */,
				5435814725AC3CFB00452D76 /* Uitility */,
			);
			path = Foundation;
			sourceTree = "<group>";
		};
		5435810625A4D05C00452D76 /* UIKit */ = {
			isa = PBXGroup;
			children = (
				5435814325A9B75B00452D76 /* WindowLoader */,
				5435811925A4D67000452D76 /* YLUIKitNoteManger.h */,
				5435811825A4D67000452D76 /* YLUIKitNoteManger.m */,
			);
			path = UIKit;
			sourceTree = "<group>";
		};
		5435810F25A4D17300452D76 /* Web */ = {
			isa = PBXGroup;
			children = (
				5435811025A4D18900452D76 /* YLWebNoteManager.h */,
				5435811125A4D18900452D76 /* YLWebNoteManager.m */,
			);
			path = Web;
			sourceTree = "<group>";
		};
		5435811B25A4D88000452D76 /* 内存管理 */ = {
			isa = PBXGroup;
			children = (
				5435811C25A4D8AC00452D76 /* YLAutoReleaseNoteManager.h */,
				5435811D25A4D8AC00452D76 /* YLAutoReleaseNoteManager.m */,
			);
			path = "内存管理";
			sourceTree = "<group>";
		};
		5435812225A4D99C00452D76 /* NetWork */ = {
			isa = PBXGroup;
			children = (
			);
			path = NetWork;
			sourceTree = "<group>";
		};
		5435812925A4DB5200452D76 /* Runloop */ = {
			isa = PBXGroup;
			children = (
				5435812A25A4DB6B00452D76 /* YLRunLoopNoteManager.h */,
				5435812B25A4DB6B00452D76 /* YLRunLoopNoteManager.m */,
			);
			path = Runloop;
			sourceTree = "<group>";
		};
		5435813025A4DD3A00452D76 /* 数据存储 */ = {
			isa = PBXGroup;
			children = (
			);
			path = "数据存储";
			sourceTree = "<group>";
		};
		5435813125A4DD4700452D76 /* 性能优化 */ = {
			isa = PBXGroup;
			children = (
			);
			path = "性能优化";
			sourceTree = "<group>";
		};
		5435813625A72E7200452D76 /* Models */ = {
			isa = PBXGroup;
			children = (
				5435819A25AD952200452D76 /* YLPerson.h */,
				5435819725AD952200452D76 /* YLPerson.m */,
				543581A925AD95FF00452D76 /* YLLStudent.h */,
				543581AA25AD95FF00452D76 /* YLLStudent.m */,
			);
			name = Models;
			path = Foundation;
			sourceTree = "<group>";
		};
		5435814325A9B75B00452D76 /* WindowLoader */ = {
			isa = PBXGroup;
			children = (
				5435814425A9B8AC00452D76 /* YLWindowLoader.h */,
				5435814525A9B8AC00452D76 /* YLWindowLoader.m */,
			);
			path = WindowLoader;
			sourceTree = "<group>";
		};
		5435814725AC3CFB00452D76 /* Uitility */ = {
			isa = PBXGroup;
			children = (
				543581AE25ADB86900452D76 /* View */,
				543581AD25ADB85F00452D76 /* Controller */,
				543581AC25ADB85600452D76 /* Model */,
			);
			path = Uitility;
			sourceTree = "<group>";
		};
		5435814B25AC444000452D76 /* 生物 */ = {
			isa = PBXGroup;
			children = (
				5435816E25AC709800452D76 /* 分类等级 */,
				5435816025AC624500452D76 /* json */,
				5435814C25AC49EA00452D76 /* YLOrganism.h */,
				5435814D25AC49EA00452D76 /* YLOrganism.m */,
				5435816325AC631600452D76 /* YLDinodsaul.h */,
				5435816425AC631600452D76 /* YLDinodsaul.m */,
			);
			path = "生物";
			sourceTree = "<group>";
		};
		5435816025AC624500452D76 /* json */ = {
			isa = PBXGroup;
			children = (
				5435818925AD8F1A00452D76 /* TRex.json */,
			);
			path = json;
			sourceTree = "<group>";
		};
		5435816E25AC709800452D76 /* 分类等级 */ = {
			isa = PBXGroup;
			children = (
				5435818825AD77AF00452D76 /* YLClassificationLevelDomain.h */,
				5435817125AC715300452D76 /* YLClassificationLevelDomain.m */,
				5435817325AC716900452D76 /* YLClassificationLevelKingdom.h */,
				5435817425AC716900452D76 /* YLClassificationLevelKingdom.m */,
				5435817625AD6E9F00452D76 /* YLClassificationLevelPhylum.h */,
				5435817725AD6E9F00452D76 /* YLClassificationLevelPhylum.m */,
				5435817925AD6F0A00452D76 /* YLClassificationLevelSuperClass.h */,
				5435817A25AD6F0A00452D76 /* YLClassificationLevelSuperClass.m */,
				5435817F25AD6FF700452D76 /* YLClassificationLevelSuperOrder.h */,
				5435818025AD6FF700452D76 /* YLClassificationLevelSuperOrder.m */,
				5435818225AD704100452D76 /* YLClassificationLevelSuperFamily.h */,
				5435818325AD704100452D76 /* YLClassificationLevelSuperFamily.m */,
				5435817C25AD6F6500452D76 /* YLClassificationLevelSuperGenus.h */,
				5435817D25AD6F6500452D76 /* YLClassificationLevelSuperGenus.m */,
				5435818525AD70C600452D76 /* YLClassificationLevelSuperSpecies.h */,
				5435818625AD70C600452D76 /* YLClassificationLevelSuperSpecies.m */,
			);
			path = "分类等级";
			sourceTree = "<group>";
		};
		543581AC25ADB85600452D76 /* Model */ = {
			isa = PBXGroup;
			children = (
				5435819125AD94F200452D76 /* YLAlertManager.h */,
				5435818F25AD94F200452D76 /* YLAlertManager.m */,
				5435819225AD94F200452D76 /* YLFileManager.h */,
				5435819325AD94F200452D76 /* YLFileManager.m */,
			);
			path = Model;
			sourceTree = "<group>";
		};
		543581AD25ADB85F00452D76 /* Controller */ = {
			isa = PBXGroup;
			children = (
				543581A425AD953E00452D76 /* YLArticalViewController.h */,
				543581A325AD953E00452D76 /* YLArticalViewController.m */,
			);
			path = Controller;
			sourceTree = "<group>";
		};
		543581AE25ADB86900452D76 /* View */ = {
			isa = PBXGroup;
			children = (
			);
			path = View;
			sourceTree = "<group>";
		};
		543581AF25ADB8DC00452D76 /* DemoModels */ = {
			isa = PBXGroup;
			children = (
				543581B025ADBA4200452D76 /* YLSafeMutableArray.h */,
				543581B125ADBA4200452D76 /* YLSafeMutableArray.m */,
			);
			path = DemoModels;
			sourceTree = "<group>";
		};
		548FF87C24A87F3200ECF7F0 = {
			isa = PBXGroup;
			children = (
				548FF88724A87F3200ECF7F0 /* YLNote */,
				548FF8A324A87F3300ECF7F0 /* YLNoteTests */,
				548FF88624A87F3200ECF7F0 /* Products */,
				548FF8AE24A87F3300ECF7F0 /* YLNoteUITests */,
				01EAE44180A36E0819440766 /* Pods */,
				A50FB64A69A84F8E19D42055 /* Frameworks */,
			);
			sourceTree = "<group>";
		};
		548FF88624A87F3200ECF7F0 /* Products */ = {
			isa = PBXGroup;
			children = (
				548FF88524A87F3200ECF7F0 /* YLNote.app */,
				548FF8A024A87F3300ECF7F0 /* YLNoteTests.xctest */,
				548FF8AB24A87F3300ECF7F0 /* YLNoteUITests.xctest */,
			);
			name = Products;
			sourceTree = "<group>";
		};
		548FF88724A87F3200ECF7F0 /* YLNote */ = {
			isa = PBXGroup;
			children = (
				5435813625A72E7200452D76 /* Models */,
				5435814B25AC444000452D76 /* 生物 */,
				543580FC25A305CB00452D76 /* 数据结构 */,
				543580F725A2F46600452D76 /* 算法 */,
				543580F3259DBBAB00452D76 /* Log */,
				54A35D5124CED7290076DFB6 /* Note */,
				54A35D8324CED7290076DFB6 /* Theme */,
				54A35D7F24CED7290076DFB6 /* Web */,
				54A35D4624CED6FE0076DFB6 /* Flutter */,
				54A35D2F24CED6B10076DFB6 /* Swift */,
				54AEE76024CECF2200A6CFC7 /* YLNote-Bridging-Header.h */,
				54C274C824B5A5BC00E9CF3F /* demo.js */,
				548FF88824A87F3200ECF7F0 /* AppDelegate.h */,
				548FF88924A87F3200ECF7F0 /* AppDelegate.m */,
				548FF8D624AC5F5E00ECF7F0 /* YLDefaultMacro.h */,
				548FF89124A87F3200ECF7F0 /* Main.storyboard */,
				548FF89424A87F3300ECF7F0 /* Assets.xcassets */,
				548FF89624A87F3300ECF7F0 /* LaunchScreen.storyboard */,
				548FF89924A87F3300ECF7F0 /* Info.plist */,
				548FF89A24A87F3300ECF7F0 /* main.m */,
			);
			path = YLNote;
			sourceTree = "<group>";
		};
		548FF8A324A87F3300ECF7F0 /* YLNoteTests */ = {
			isa = PBXGroup;
			children = (
				548FF8A424A87F3300ECF7F0 /* YLNoteTests.m */,
				548FF8A624A87F3300ECF7F0 /* Info.plist */,
			);
			path = YLNoteTests;
			sourceTree = "<group>";
		};
		548FF8AE24A87F3300ECF7F0 /* YLNoteUITests */ = {
			isa = PBXGroup;
			children = (
				548FF8AF24A87F3300ECF7F0 /* YLNoteUITests.m */,
				548FF8B124A87F3300ECF7F0 /* Info.plist */,
			);
			path = YLNoteUITests;
			sourceTree = "<group>";
		};
		54A35D2F24CED6B10076DFB6 /* Swift */ = {
			isa = PBXGroup;
			children = (
				54A35D3024CED6B10076DFB6 /* YLSwiftViewController.h */,
				54A35D3B24CED6B10076DFB6 /* YLSwiftViewController.m */,
				5435810025A37EC500452D76 /* YLAlgorithmViewController.swift */,
				54A35D3124CED6B10076DFB6 /* 算法 */,
			);
			path = Swift;
			sourceTree = "<group>";
		};
		54A35D3124CED6B10076DFB6 /* 算法 */ = {
			isa = PBXGroup;
			children = (
				54A35D3224CED6B10076DFB6 /* Stack.swift */,
				54A35D3324CED6B10076DFB6 /* DoublePointer.swift */,
				54A35D3424CED6B10076DFB6 /* YLTreeNode.swift */,
				54A35D3524CED6B10076DFB6 /* Recursion.swift */,
				54A35D3624CED6B10076DFB6 /* YLAlgorithmViewController2.swift */,
				54A35D3724CED6B10076DFB6 /* BinarySearch.swift */,
				54A35D3824CED6B10076DFB6 /* Iterator.swift */,
				54A35D3924CED6B10076DFB6 /* Iteration.swift */,
			);
			path = "算法";
			sourceTree = "<group>";
		};
		54A35D4624CED6FE0076DFB6 /* Flutter */ = {
			isa = PBXGroup;
			children = (
				54A35D4724CED6FE0076DFB6 /* SD */,
				54A35D4C24CED6FE0076DFB6 /* YLFlutterViewController.m */,
				54A35D4D24CED6FE0076DFB6 /* YLFlutterViewController.h */,
			);
			path = Flutter;
			sourceTree = "<group>";
		};
		54A35D4724CED6FE0076DFB6 /* SD */ = {
			isa = PBXGroup;
			children = (
				54A35D4824CED6FE0076DFB6 /* YLSDTableViewCell.h */,
				54A35D4924CED6FE0076DFB6 /* YLSDViewController.m */,
				54A35D4A24CED6FE0076DFB6 /* YLSDViewController.h */,
				54A35D4B24CED6FE0076DFB6 /* YLSDTableViewCell.m */,
			);
			path = SD;
			sourceTree = "<group>";
		};
		54A35D5124CED7290076DFB6 /* Note */ = {
			isa = PBXGroup;
			children = (
				54A35D5224CED7290076DFB6 /* YLNotesViewController.h */,
				54A35D7424CED7290076DFB6 /* YLNotesViewController.m */,
				5435813125A4DD4700452D76 /* 性能优化 */,
				5435813025A4DD3A00452D76 /* 数据存储 */,
				5435812925A4DB5200452D76 /* Runloop */,
				54A35D9C24CED7A30076DFB6 /* 多线程 */,
				5435812225A4D99C00452D76 /* NetWork */,
				5435811B25A4D88000452D76 /* 内存管理 */,
				5435810F25A4D17300452D76 /* Web */,
				5435810625A4D05C00452D76 /* UIKit */,
				5435810225A4CF2600452D76 /* Foundation */,
				54A35D6324CED7290076DFB6 /* runtime */,
				54A35D5324CED7290076DFB6 /* 消息传递 */,
				54A35D5A24CED7290076DFB6 /* Notification */,
				54A35D7024CED7290076DFB6 /* 动画 */,
				54A35D7524CED7290076DFB6 /* keywords */,
				54A35D7C24CED7290076DFB6 /* block */,
			);
			path = Note;
			sourceTree = "<group>";
		};
		54A35D5324CED7290076DFB6 /* 消息传递 */ = {
			isa = PBXGroup;
			children = (
				5435811F25A4D96B00452D76 /* YLKVONoteManager.h */,
				5435812025A4D96B00452D76 /* YLKVONoteManager.m */,
				54A35D5424CED7290076DFB6 /* YLKVOViewController.h */,
				54A35D5524CED7290076DFB6 /* YLHitTestViewController.m */,
				54A35D5624CED7290076DFB6 /* YLStudent.m */,
				54A35D5724CED7290076DFB6 /* YLKVOViewController.m */,
				54A35D5824CED7290076DFB6 /* YLStudent.h */,
				54A35D5924CED7290076DFB6 /* YLHitTestViewController.h */,
			);
			path = "消息传递";
			sourceTree = "<group>";
		};
		54A35D5A24CED7290076DFB6 /* Notification */ = {
			isa = PBXGroup;
			children = (
				54A35D6124CED7290076DFB6 /* YLNotifiTestViewController.h */,
				54A35D5C24CED7290076DFB6 /* YLNotifiTestViewController.m */,
				54A35D6224CED7290076DFB6 /* YLNotification.h */,
				54A35D5E24CED7290076DFB6 /* YLNotification.m */,
				54A35D5B24CED7290076DFB6 /* YLNotificationCenter.h */,
				54A35D5F24CED7290076DFB6 /* YLNotificationCenter.m */,
				54A35DB024CF216F0076DFB6 /* YLTestViewController.h */,
				54A35DB124CF216F0076DFB6 /* YLTestViewController.m */,
			);
			path = Notification;
			sourceTree = "<group>";
		};
		54A35D6324CED7290076DFB6 /* runtime */ = {
			isa = PBXGroup;
			children = (
				5435811525A4D4D600452D76 /* YLRuntimeNoteManager.h */,
				5435811625A4D4D600452D76 /* YLRuntimeNoteManager.m */,
				54A6517624D42C1C005FB5AD /* useages */,
				54A35D6424CED7290076DFB6 /* NSObject+Test.h */,
				54A35D6A24CED7290076DFB6 /* NSObject+Test.m */,
				54A35D6624CED7290076DFB6 /* YLSon.h */,
				54A35D6B24CED7290076DFB6 /* YLSon.m */,
				54A35D6524CED7290076DFB6 /* YLFather.h */,
				54A35D6C24CED7290076DFB6 /* YLFather.m */,
				54A35D6824CED7290076DFB6 /* YLFather+Job.h */,
				54A35D6D24CED7290076DFB6 /* YLFather+Job.m */,
			);
			path = runtime;
			sourceTree = "<group>";
		};
		54A35D7024CED7290076DFB6 /* 动画 */ = {
			isa = PBXGroup;
			children = (
				5435812625A4DB2C00452D76 /* YLAnimationNoteManager.h */,
				5435812725A4DB2C00452D76 /* YLAnimationNoteManager.m */,
				54A35D7124CED7290076DFB6 /* UI */,
			);
			path = "动画";
			sourceTree = "<group>";
		};
		54A35D7124CED7290076DFB6 /* UI */ = {
			isa = PBXGroup;
			children = (
				54A35D7224CED7290076DFB6 /* YLLayerViewController.m */,
				54A35D7324CED7290076DFB6 /* YLLayerViewController.h */,
			);
			path = UI;
			sourceTree = "<group>";
		};
		54A35D7524CED7290076DFB6 /* keywords */ = {
			isa = PBXGroup;
			children = (
				54A35D7624CED7290076DFB6 /* YLClass+Test.m */,
				54A35D7724CED7290076DFB6 /* YLClass.m */,
				54A35D7824CED7290076DFB6 /* YLTestAutoReleaseController.m */,
				54A35D7924CED7290076DFB6 /* YLClass+Test.h */,
				54A35D7A24CED7290076DFB6 /* YLTestAutoReleaseController.h */,
				54A35D7B24CED7290076DFB6 /* YLClass.h */,
			);
			path = keywords;
			sourceTree = "<group>";
		};
		54A35D7C24CED7290076DFB6 /* block */ = {
			isa = PBXGroup;
			children = (
				5435812D25A4DC8C00452D76 /* YLBlockNoteManager.h */,
				5435812E25A4DC8C00452D76 /* YLBlockNoteManager.m */,
				54A35D7D24CED7290076DFB6 /* YLBlockViewController.h */,
				54A35D7E24CED7290076DFB6 /* YLBlockViewController.m */,
			);
			path = block;
			sourceTree = "<group>";
		};
		54A35D7F24CED7290076DFB6 /* Web */ = {
			isa = PBXGroup;
			children = (
				54A35D8024CED7290076DFB6 /* YLJSProtocol.h */,
				54A35D8124CED7290076DFB6 /* YLWebViewController.h */,
				54A35D8224CED7290076DFB6 /* YLWebViewController.m */,
			);
			path = Web;
			sourceTree = "<group>";
		};
		54A35D8324CED7290076DFB6 /* Theme */ = {
			isa = PBXGroup;
			children = (
				54A35D8424CED7290076DFB6 /* YLTheme.swift */,
				54A35D8524CED7290076DFB6 /* Test.swift */,
			);
			path = Theme;
			sourceTree = "<group>";
		};
		54A35D9C24CED7A30076DFB6 /* 多线程 */ = {
			isa = PBXGroup;
			children = (
				5435812325A4D9DF00452D76 /* YLGCDNoteManager.h */,
				5435812425A4D9DF00452D76 /* YLGCDNoteManager.m */,
				54A35E7424D16BF60076DFB6 /* GCD */,
				54A35D9D24CED7A30076DFB6 /* YLOperation.h */,
				54A35DA224CED7A30076DFB6 /* YLOperation.m */,
				54A35D9F24CED7A30076DFB6 /* YLGCDViewController.h */,
				54A35DA924CED7A30076DFB6 /* YLGCDViewController.m */,
				54A35DA824CED7A30076DFB6 /* YLNSOperationTest.h */,
				54A35DA024CED7A30076DFB6 /* YLNSOperationTest.m */,
				54A35D9E24CED7A30076DFB6 /* YLGCDTest.h */,
				54A35DA324CED7A30076DFB6 /* YLGCDTest.m */,
				54A35DA424CED7A30076DFB6 /* 线程同步 */,
				54A35DA124CED7A30076DFB6 /* YLThread.h */,
				54A35DA724CED7A30076DFB6 /* YLThread.m */,
			);
			path = "多线程";
			sourceTree = "<group>";
		};
		54A35DA424CED7A30076DFB6 /* 线程同步 */ = {
			isa = PBXGroup;
			children = (
				54A35DA524CED7A30076DFB6 /* YLThreadSync.h */,
				54A35DA624CED7A30076DFB6 /* YLThreadSync.m */,
			);
			path = "线程同步";
			sourceTree = "<group>";
		};
		54A35E7424D16BF60076DFB6 /* GCD */ = {
			isa = PBXGroup;
			children = (
			);
			path = GCD;
			sourceTree = "<group>";
		};
		54A6517624D42C1C005FB5AD /* useages */ = {
			isa = PBXGroup;
			children = (
				54A6517A24D4305C005FB5AD /* YLUserViewController.h */,
				54A6517B24D4305C005FB5AD /* YLUserViewController.m */,
				54A6517724D43033005FB5AD /* YLUser.h */,
				54A6517824D43033005FB5AD /* YLUser.m */,
			);
			path = useages;
			sourceTree = "<group>";
		};
		A50FB64A69A84F8E19D42055 /* Frameworks */ = {
			isa = PBXGroup;
			children = (
				CB38DB6FF77CE573EFE28BF7 /* Pods_YLNote.framework */,
				398CC9979A9A24DD695FE563 /* Pods_YLNote_YLNoteUITests.framework */,
				CEF3A6E338910EA0E0BB7CF4 /* Pods_YLNoteTests.framework */,
			);
			name = Frameworks;
			sourceTree = "<group>";
		};
/* End PBXGroup section */

/* Begin PBXNativeTarget section */
		548FF88424A87F3200ECF7F0 /* YLNote */ = {
			isa = PBXNativeTarget;
			buildConfigurationList = 548FF8B424A87F3300ECF7F0 /* Build configuration list for PBXNativeTarget "YLNote" */;
			buildPhases = (
				1EB46F887761D6268A745B7B /* [CP] Check Pods Manifest.lock */,
				548FF88124A87F3200ECF7F0 /* Sources */,
				548FF88224A87F3200ECF7F0 /* Frameworks */,
				548FF88324A87F3200ECF7F0 /* Resources */,
				E36BC6EEC411CECFE5B2732D /* [CP] Embed Pods Frameworks */,
			);
			buildRules = (
			);
			dependencies = (
			);
			name = YLNote;
			productName = YLNote;
			productReference = 548FF88524A87F3200ECF7F0 /* YLNote.app */;
			productType = "com.apple.product-type.application";
		};
		548FF89F24A87F3300ECF7F0 /* YLNoteTests */ = {
			isa = PBXNativeTarget;
			buildConfigurationList = 548FF8B724A87F3300ECF7F0 /* Build configuration list for PBXNativeTarget "YLNoteTests" */;
			buildPhases = (
				6D8C6FABCE36195884E07025 /* [CP] Check Pods Manifest.lock */,
				548FF89C24A87F3300ECF7F0 /* Sources */,
				548FF89D24A87F3300ECF7F0 /* Frameworks */,
				548FF89E24A87F3300ECF7F0 /* Resources */,
			);
			buildRules = (
			);
			dependencies = (
				548FF8A224A87F3300ECF7F0 /* PBXTargetDependency */,
			);
			name = YLNoteTests;
			productName = YLNoteTests;
			productReference = 548FF8A024A87F3300ECF7F0 /* YLNoteTests.xctest */;
			productType = "com.apple.product-type.bundle.unit-test";
		};
		548FF8AA24A87F3300ECF7F0 /* YLNoteUITests */ = {
			isa = PBXNativeTarget;
			buildConfigurationList = 548FF8BA24A87F3300ECF7F0 /* Build configuration list for PBXNativeTarget "YLNoteUITests" */;
			buildPhases = (
				32CB5D834D0C40CA324940DF /* [CP] Check Pods Manifest.lock */,
				548FF8A724A87F3300ECF7F0 /* Sources */,
				548FF8A824A87F3300ECF7F0 /* Frameworks */,
				548FF8A924A87F3300ECF7F0 /* Resources */,
				1BC5F34A39FC0329BBC84A84 /* [CP] Embed Pods Frameworks */,
			);
			buildRules = (
			);
			dependencies = (
				548FF8AD24A87F3300ECF7F0 /* PBXTargetDependency */,
			);
			name = YLNoteUITests;
			productName = YLNoteUITests;
			productReference = 548FF8AB24A87F3300ECF7F0 /* YLNoteUITests.xctest */;
			productType = "com.apple.product-type.bundle.ui-testing";
		};
/* End PBXNativeTarget section */

/* Begin PBXProject section */
		548FF87D24A87F3200ECF7F0 /* Project object */ = {
			isa = PBXProject;
			attributes = {
				LastUpgradeCheck = 1120;
				ORGANIZATIONNAME = tangh;
				TargetAttributes = {
					548FF88424A87F3200ECF7F0 = {
						CreatedOnToolsVersion = 11.2;
						LastSwiftMigration = 1120;
					};
					548FF89F24A87F3300ECF7F0 = {
						CreatedOnToolsVersion = 11.2;
						TestTargetID = 548FF88424A87F3200ECF7F0;
					};
					548FF8AA24A87F3300ECF7F0 = {
						CreatedOnToolsVersion = 11.2;
						TestTargetID = 548FF88424A87F3200ECF7F0;
					};
				};
			};
			buildConfigurationList = 548FF88024A87F3200ECF7F0 /* Build configuration list for PBXProject "YLNote" */;
			compatibilityVersion = "Xcode 9.3";
			developmentRegion = en;
			hasScannedForEncodings = 0;
			knownRegions = (
				en,
				Base,
			);
			mainGroup = 548FF87C24A87F3200ECF7F0;
			productRefGroup = 548FF88624A87F3200ECF7F0 /* Products */;
			projectDirPath = "";
			projectRoot = "";
			targets = (
				548FF88424A87F3200ECF7F0 /* YLNote */,
				548FF89F24A87F3300ECF7F0 /* YLNoteTests */,
				548FF8AA24A87F3300ECF7F0 /* YLNoteUITests */,
			);
		};
/* End PBXProject section */

/* Begin PBXResourcesBuildPhase section */
		548FF88324A87F3200ECF7F0 /* Resources */ = {
			isa = PBXResourcesBuildPhase;
			buildActionMask = 2147483647;
			files = (
				5435818A25AD8F1A00452D76 /* TRex.json in Resources */,
				548FF89824A87F3300ECF7F0 /* LaunchScreen.storyboard in Resources */,
				548FF89524A87F3300ECF7F0 /* Assets.xcassets in Resources */,
				548FF89324A87F3200ECF7F0 /* Main.storyboard in Resources */,
				54C274C924B5A5BC00E9CF3F /* demo.js in Resources */,
			);
			runOnlyForDeploymentPostprocessing = 0;
		};
		548FF89E24A87F3300ECF7F0 /* Resources */ = {
			isa = PBXResourcesBuildPhase;
			buildActionMask = 2147483647;
			files = (
			);
			runOnlyForDeploymentPostprocessing = 0;
		};
		548FF8A924A87F3300ECF7F0 /* Resources */ = {
			isa = PBXResourcesBuildPhase;
			buildActionMask = 2147483647;
			files = (
			);
			runOnlyForDeploymentPostprocessing = 0;
		};
/* End PBXResourcesBuildPhase section */

/* Begin PBXShellScriptBuildPhase section */
		1BC5F34A39FC0329BBC84A84 /* [CP] Embed Pods Frameworks */ = {
			isa = PBXShellScriptBuildPhase;
			buildActionMask = 2147483647;
			files = (
			);
			inputFileListPaths = (
				"${PODS_ROOT}/Target Support Files/Pods-YLNote-YLNoteUITests/Pods-YLNote-YLNoteUITests-frameworks-${CONFIGURATION}-input-files.xcfilelist",
			);
			name = "[CP] Embed Pods Frameworks";
			outputFileListPaths = (
				"${PODS_ROOT}/Target Support Files/Pods-YLNote-YLNoteUITests/Pods-YLNote-YLNoteUITests-frameworks-${CONFIGURATION}-output-files.xcfilelist",
			);
			runOnlyForDeploymentPostprocessing = 0;
			shellPath = /bin/sh;
			shellScript = "\"${PODS_ROOT}/Target Support Files/Pods-YLNote-YLNoteUITests/Pods-YLNote-YLNoteUITests-frameworks.sh\"\n";
			showEnvVarsInLog = 0;
		};
		1EB46F887761D6268A745B7B /* [CP] Check Pods Manifest.lock */ = {
			isa = PBXShellScriptBuildPhase;
			buildActionMask = 2147483647;
			files = (
			);
			inputFileListPaths = (
			);
			inputPaths = (
				"${PODS_PODFILE_DIR_PATH}/Podfile.lock",
				"${PODS_ROOT}/Manifest.lock",
			);
			name = "[CP] Check Pods Manifest.lock";
			outputFileListPaths = (
			);
			outputPaths = (
				"$(DERIVED_FILE_DIR)/Pods-YLNote-checkManifestLockResult.txt",
			);
			runOnlyForDeploymentPostprocessing = 0;
			shellPath = /bin/sh;
			shellScript = "diff \"${PODS_PODFILE_DIR_PATH}/Podfile.lock\" \"${PODS_ROOT}/Manifest.lock\" > /dev/null\nif [ $? != 0 ] ; then\n    # print error to STDERR\n    echo \"error: The sandbox is not in sync with the Podfile.lock. Run 'pod install' or update your CocoaPods installation.\" >&2\n    exit 1\nfi\n# This output is used by Xcode 'outputs' to avoid re-running this script phase.\necho \"SUCCESS\" > \"${SCRIPT_OUTPUT_FILE_0}\"\n";
			showEnvVarsInLog = 0;
		};
		32CB5D834D0C40CA324940DF /* [CP] Check Pods Manifest.lock */ = {
			isa = PBXShellScriptBuildPhase;
			buildActionMask = 2147483647;
			files = (
			);
			inputFileListPaths = (
			);
			inputPaths = (
				"${PODS_PODFILE_DIR_PATH}/Podfile.lock",
				"${PODS_ROOT}/Manifest.lock",
			);
			name = "[CP] Check Pods Manifest.lock";
			outputFileListPaths = (
			);
			outputPaths = (
				"$(DERIVED_FILE_DIR)/Pods-YLNote-YLNoteUITests-checkManifestLockResult.txt",
			);
			runOnlyForDeploymentPostprocessing = 0;
			shellPath = /bin/sh;
			shellScript = "diff \"${PODS_PODFILE_DIR_PATH}/Podfile.lock\" \"${PODS_ROOT}/Manifest.lock\" > /dev/null\nif [ $? != 0 ] ; then\n    # print error to STDERR\n    echo \"error: The sandbox is not in sync with the Podfile.lock. Run 'pod install' or update your CocoaPods installation.\" >&2\n    exit 1\nfi\n# This output is used by Xcode 'outputs' to avoid re-running this script phase.\necho \"SUCCESS\" > \"${SCRIPT_OUTPUT_FILE_0}\"\n";
			showEnvVarsInLog = 0;
		};
		6D8C6FABCE36195884E07025 /* [CP] Check Pods Manifest.lock */ = {
			isa = PBXShellScriptBuildPhase;
			buildActionMask = 2147483647;
			files = (
			);
			inputFileListPaths = (
			);
			inputPaths = (
				"${PODS_PODFILE_DIR_PATH}/Podfile.lock",
				"${PODS_ROOT}/Manifest.lock",
			);
			name = "[CP] Check Pods Manifest.lock";
			outputFileListPaths = (
			);
			outputPaths = (
				"$(DERIVED_FILE_DIR)/Pods-YLNoteTests-checkManifestLockResult.txt",
			);
			runOnlyForDeploymentPostprocessing = 0;
			shellPath = /bin/sh;
			shellScript = "diff \"${PODS_PODFILE_DIR_PATH}/Podfile.lock\" \"${PODS_ROOT}/Manifest.lock\" > /dev/null\nif [ $? != 0 ] ; then\n    # print error to STDERR\n    echo \"error: The sandbox is not in sync with the Podfile.lock. Run 'pod install' or update your CocoaPods installation.\" >&2\n    exit 1\nfi\n# This output is used by Xcode 'outputs' to avoid re-running this script phase.\necho \"SUCCESS\" > \"${SCRIPT_OUTPUT_FILE_0}\"\n";
			showEnvVarsInLog = 0;
		};
		E36BC6EEC411CECFE5B2732D /* [CP] Embed Pods Frameworks */ = {
			isa = PBXShellScriptBuildPhase;
			buildActionMask = 2147483647;
			files = (
			);
			inputFileListPaths = (
				"${PODS_ROOT}/Target Support Files/Pods-YLNote/Pods-YLNote-frameworks-${CONFIGURATION}-input-files.xcfilelist",
			);
			name = "[CP] Embed Pods Frameworks";
			outputFileListPaths = (
				"${PODS_ROOT}/Target Support Files/Pods-YLNote/Pods-YLNote-frameworks-${CONFIGURATION}-output-files.xcfilelist",
			);
			runOnlyForDeploymentPostprocessing = 0;
			shellPath = /bin/sh;
			shellScript = "\"${PODS_ROOT}/Target Support Files/Pods-YLNote/Pods-YLNote-frameworks.sh\"\n";
			showEnvVarsInLog = 0;
		};
/* End PBXShellScriptBuildPhase section */

/* Begin PBXSourcesBuildPhase section */
		548FF88124A87F3200ECF7F0 /* Sources */ = {
			isa = PBXSourcesBuildPhase;
			buildActionMask = 2147483647;
			files = (
				54A35D8F24CED7290076DFB6 /* YLSon.m in Sources */,
				54A35D5024CED6FE0076DFB6 /* YLFlutterViewController.m in Sources */,
				5435817525AC716900452D76 /* YLClassificationLevelKingdom.m in Sources */,
				54A35D4124CED6B20076DFB6 /* BinarySearch.swift in Sources */,
				543581A725AD953E00452D76 /* YLFoundationNoteManger.m in Sources */,
				54A35DAC24CED7A30076DFB6 /* YLGCDTest.m in Sources */,
				54A35D8824CED7290076DFB6 /* YLKVOViewController.m in Sources */,
				54A35DAF24CED7A30076DFB6 /* YLGCDViewController.m in Sources */,
				54A35D4324CED6B20076DFB6 /* Iteration.swift in Sources */,
				54A35D4024CED6B20076DFB6 /* YLAlgorithmViewController2.swift in Sources */,
				54A35D9524CED7290076DFB6 /* YLClass+Test.m in Sources */,
				5435810125A37EC500452D76 /* YLAlgorithmViewController.swift in Sources */,
				54A35D8924CED7290076DFB6 /* YLNotifiTestViewController.m in Sources */,
				54A35D8724CED7290076DFB6 /* YLStudent.m in Sources */,
				54A35DB224CF216F0076DFB6 /* YLTestViewController.m in Sources */,
				54A35D9724CED7290076DFB6 /* YLTestAutoReleaseController.m in Sources */,
				5435818125AD6FF800452D76 /* YLClassificationLevelSuperOrder.m in Sources */,
				54A35D4524CED6B20076DFB6 /* YLSwiftViewController.m in Sources */,
				5435811A25A4D67000452D76 /* YLUIKitNoteManger.m in Sources */,
				54A6517C24D4305C005FB5AD /* YLUserViewController.m in Sources */,
				5435811E25A4D8AC00452D76 /* YLAutoReleaseNoteManager.m in Sources */,
				5435817B25AD6F0A00452D76 /* YLClassificationLevelSuperClass.m in Sources */,
				54A35D9A24CED7290076DFB6 /* YLTheme.swift in Sources */,
				5435817825AD6E9F00452D76 /* YLClassificationLevelPhylum.m in Sources */,
				543580F925A2F48A00452D76 /* SwapNumbers.swift in Sources */,
				54A35D3F24CED6B20076DFB6 /* Recursion.swift in Sources */,
				5435812C25A4DB6B00452D76 /* YLRunLoopNoteManager.m in Sources */,
				54A35DAA24CED7A30076DFB6 /* YLNSOperationTest.m in Sources */,
				54A35D9424CED7290076DFB6 /* YLNotesViewController.m in Sources */,
				548FF88A24A87F3200ECF7F0 /* AppDelegate.m in Sources */,
				543581AB25AD95FF00452D76 /* YLLStudent.m in Sources */,
				5435811725A4D4D600452D76 /* YLRuntimeNoteManager.m in Sources */,
				54A6517924D43033005FB5AD /* YLUser.m in Sources */,
				54A35D9924CED7290076DFB6 /* YLWebViewController.m in Sources */,
				54A35D3E24CED6B20076DFB6 /* YLTreeNode.swift in Sources */,
				54A35D9324CED7290076DFB6 /* YLLayerViewController.m in Sources */,
				5435819625AD94F200452D76 /* YLFileManager.m in Sources */,
				5435814E25AC49EA00452D76 /* YLOrganism.m in Sources */,
				54A35D8B24CED7290076DFB6 /* YLNotificationCenter.m in Sources */,
				5435816525AC631600452D76 /* YLDinodsaul.m in Sources */,
				5435818725AD70C600452D76 /* YLClassificationLevelSuperSpecies.m in Sources */,
				54A35D9824CED7290076DFB6 /* YLBlockViewController.m in Sources */,
				54A35D9024CED7290076DFB6 /* YLFather.m in Sources */,
				5435817E25AD6F6500452D76 /* YLClassificationLevelSuperGenus.m in Sources */,
				54A35D8E24CED7290076DFB6 /* NSObject+Test.m in Sources */,
				54A35D8A24CED7290076DFB6 /* YLNotification.m in Sources */,
				543581A825AD953E00452D76 /* YLArticalViewController.m in Sources */,
				5435811225A4D18900452D76 /* YLWebNoteManager.m in Sources */,
				54A35D9B24CED7290076DFB6 /* Test.swift in Sources */,
				5435812525A4D9DF00452D76 /* YLGCDNoteManager.m in Sources */,
				54A35DAE24CED7A30076DFB6 /* YLThread.m in Sources */,
				543581B225ADBA4200452D76 /* YLSafeMutableArray.m in Sources */,
				5435819B25AD952200452D76 /* YLPerson.m in Sources */,
				54A35D4F24CED6FE0076DFB6 /* YLSDTableViewCell.m in Sources */,
				54A35D3C24CED6B20076DFB6 /* Stack.swift in Sources */,
				54A35DAD24CED7A30076DFB6 /* YLThreadSync.m in Sources */,
				5435812F25A4DC8C00452D76 /* YLBlockNoteManager.m in Sources */,
				5435818425AD704100452D76 /* YLClassificationLevelSuperFamily.m in Sources */,
				543580F6259DBBEF00452D76 /* YLLogMessageManager.m in Sources */,
				5435819525AD94F200452D76 /* YLAlertManager.m in Sources */,
				54A35D4224CED6B20076DFB6 /* Iterator.swift in Sources */,
				54A35DAB24CED7A30076DFB6 /* YLOperation.m in Sources */,
				5435812125A4D96B00452D76 /* YLKVONoteManager.m in Sources */,
				54A35D3D24CED6B20076DFB6 /* DoublePointer.swift in Sources */,
				54A35D8624CED7290076DFB6 /* YLHitTestViewController.m in Sources */,
				5435811425A4D23D00452D76 /* test.swift in Sources */,
				54A35D4E24CED6FE0076DFB6 /* YLSDViewController.m in Sources */,
				5435817225AC715300452D76 /* YLClassificationLevelDomain.m in Sources */,
				543580FF25A3198A00452D76 /* BinaryTree.swift in Sources */,
				548FF89B24A87F3300ECF7F0 /* main.m in Sources */,
				5435814625A9B8AC00452D76 /* YLWindowLoader.m in Sources */,
				54A35D9124CED7290076DFB6 /* YLFather+Job.m in Sources */,
				54A35D9624CED7290076DFB6 /* YLClass.m in Sources */,
				5435812825A4DB2C00452D76 /* YLAnimationNoteManager.m in Sources */,
			);
			runOnlyForDeploymentPostprocessing = 0;
		};
		548FF89C24A87F3300ECF7F0 /* Sources */ = {
			isa = PBXSourcesBuildPhase;
			buildActionMask = 2147483647;
			files = (
				548FF8A524A87F3300ECF7F0 /* YLNoteTests.m in Sources */,
			);
			runOnlyForDeploymentPostprocessing = 0;
		};
		548FF8A724A87F3300ECF7F0 /* Sources */ = {
			isa = PBXSourcesBuildPhase;
			buildActionMask = 2147483647;
			files = (
				548FF8B024A87F3300ECF7F0 /* YLNoteUITests.m in Sources */,
			);
			runOnlyForDeploymentPostprocessing = 0;
		};
/* End PBXSourcesBuildPhase section */

/* Begin PBXTargetDependency section */
		548FF8A224A87F3300ECF7F0 /* PBXTargetDependency */ = {
			isa = PBXTargetDependency;
			target = 548FF88424A87F3200ECF7F0 /* YLNote */;
			targetProxy = 548FF8A124A87F3300ECF7F0 /* PBXContainerItemProxy */;
		};
		548FF8AD24A87F3300ECF7F0 /* PBXTargetDependency */ = {
			isa = PBXTargetDependency;
			target = 548FF88424A87F3200ECF7F0 /* YLNote */;
			targetProxy = 548FF8AC24A87F3300ECF7F0 /* PBXContainerItemProxy */;
		};
/* End PBXTargetDependency section */

/* Begin PBXVariantGroup section */
		548FF89124A87F3200ECF7F0 /* Main.storyboard */ = {
			isa = PBXVariantGroup;
			children = (
				548FF89224A87F3200ECF7F0 /* Base */,
			);
			name = Main.storyboard;
			sourceTree = "<group>";
		};
		548FF89624A87F3300ECF7F0 /* LaunchScreen.storyboard */ = {
			isa = PBXVariantGroup;
			children = (
				548FF89724A87F3300ECF7F0 /* Base */,
			);
			name = LaunchScreen.storyboard;
			sourceTree = "<group>";
		};
/* End PBXVariantGroup section */

/* Begin XCBuildConfiguration section */
		548FF8B224A87F3300ECF7F0 /* Debug */ = {
			isa = XCBuildConfiguration;
			buildSettings = {
				ALWAYS_SEARCH_USER_PATHS = NO;
				CLANG_ANALYZER_NONNULL = YES;
				CLANG_ANALYZER_NUMBER_OBJECT_CONVERSION = YES_AGGRESSIVE;
				CLANG_CXX_LANGUAGE_STANDARD = "gnu++14";
				CLANG_CXX_LIBRARY = "libc++";
				CLANG_ENABLE_MODULES = YES;
				CLANG_ENABLE_OBJC_ARC = YES;
				CLANG_ENABLE_OBJC_WEAK = YES;
				CLANG_WARN_BLOCK_CAPTURE_AUTORELEASING = YES;
				CLANG_WARN_BOOL_CONVERSION = YES;
				CLANG_WARN_COMMA = YES;
				CLANG_WARN_CONSTANT_CONVERSION = YES;
				CLANG_WARN_DEPRECATED_OBJC_IMPLEMENTATIONS = YES;
				CLANG_WARN_DIRECT_OBJC_ISA_USAGE = YES_ERROR;
				CLANG_WARN_DOCUMENTATION_COMMENTS = YES;
				CLANG_WARN_EMPTY_BODY = YES;
				CLANG_WARN_ENUM_CONVERSION = YES;
				CLANG_WARN_INFINITE_RECURSION = YES;
				CLANG_WARN_INT_CONVERSION = YES;
				CLANG_WARN_NON_LITERAL_NULL_CONVERSION = YES;
				CLANG_WARN_OBJC_IMPLICIT_RETAIN_SELF = YES;
				CLANG_WARN_OBJC_LITERAL_CONVERSION = YES;
				CLANG_WARN_OBJC_ROOT_CLASS = YES_ERROR;
				CLANG_WARN_RANGE_LOOP_ANALYSIS = YES;
				CLANG_WARN_STRICT_PROTOTYPES = YES;
				CLANG_WARN_SUSPICIOUS_MOVE = YES;
				CLANG_WARN_UNGUARDED_AVAILABILITY = YES_AGGRESSIVE;
				CLANG_WARN_UNREACHABLE_CODE = YES;
				CLANG_WARN__DUPLICATE_METHOD_MATCH = YES;
				COPY_PHASE_STRIP = NO;
				DEBUG_INFORMATION_FORMAT = dwarf;
				ENABLE_STRICT_OBJC_MSGSEND = YES;
				ENABLE_TESTABILITY = YES;
				GCC_C_LANGUAGE_STANDARD = gnu11;
				GCC_DYNAMIC_NO_PIC = NO;
				GCC_NO_COMMON_BLOCKS = YES;
				GCC_OPTIMIZATION_LEVEL = 0;
				GCC_PREPROCESSOR_DEFINITIONS = (
					"DEBUG=1",
					"$(inherited)",
				);
				GCC_WARN_64_TO_32_BIT_CONVERSION = YES;
				GCC_WARN_ABOUT_RETURN_TYPE = YES_ERROR;
				GCC_WARN_UNDECLARED_SELECTOR = YES;
				GCC_WARN_UNINITIALIZED_AUTOS = YES_AGGRESSIVE;
				GCC_WARN_UNUSED_FUNCTION = YES;
				GCC_WARN_UNUSED_VARIABLE = YES;
				IPHONEOS_DEPLOYMENT_TARGET = 10.0;
				MTL_ENABLE_DEBUG_INFO = INCLUDE_SOURCE;
				MTL_FAST_MATH = YES;
				ONLY_ACTIVE_ARCH = YES;
				SDKROOT = iphoneos;
			};
			name = Debug;
		};
		548FF8B324A87F3300ECF7F0 /* Release */ = {
			isa = XCBuildConfiguration;
			buildSettings = {
				ALWAYS_SEARCH_USER_PATHS = NO;
				CLANG_ANALYZER_NONNULL = YES;
				CLANG_ANALYZER_NUMBER_OBJECT_CONVERSION = YES_AGGRESSIVE;
				CLANG_CXX_LANGUAGE_STANDARD = "gnu++14";
				CLANG_CXX_LIBRARY = "libc++";
				CLANG_ENABLE_MODULES = YES;
				CLANG_ENABLE_OBJC_ARC = YES;
				CLANG_ENABLE_OBJC_WEAK = YES;
				CLANG_WARN_BLOCK_CAPTURE_AUTORELEASING = YES;
				CLANG_WARN_BOOL_CONVERSION = YES;
				CLANG_WARN_COMMA = YES;
				CLANG_WARN_CONSTANT_CONVERSION = YES;
				CLANG_WARN_DEPRECATED_OBJC_IMPLEMENTATIONS = YES;
				CLANG_WARN_DIRECT_OBJC_ISA_USAGE = YES_ERROR;
				CLANG_WARN_DOCUMENTATION_COMMENTS = YES;
				CLANG_WARN_EMPTY_BODY = YES;
				CLANG_WARN_ENUM_CONVERSION = YES;
				CLANG_WARN_INFINITE_RECURSION = YES;
				CLANG_WARN_INT_CONVERSION = YES;
				CLANG_WARN_NON_LITERAL_NULL_CONVERSION = YES;
				CLANG_WARN_OBJC_IMPLICIT_RETAIN_SELF = YES;
				CLANG_WARN_OBJC_LITERAL_CONVERSION = YES;
				CLANG_WARN_OBJC_ROOT_CLASS = YES_ERROR;
				CLANG_WARN_RANGE_LOOP_ANALYSIS = YES;
				CLANG_WARN_STRICT_PROTOTYPES = YES;
				CLANG_WARN_SUSPICIOUS_MOVE = YES;
				CLANG_WARN_UNGUARDED_AVAILABILITY = YES_AGGRESSIVE;
				CLANG_WARN_UNREACHABLE_CODE = YES;
				CLANG_WARN__DUPLICATE_METHOD_MATCH = YES;
				COPY_PHASE_STRIP = NO;
				DEBUG_INFORMATION_FORMAT = "dwarf-with-dsym";
				ENABLE_NS_ASSERTIONS = NO;
				ENABLE_STRICT_OBJC_MSGSEND = YES;
				GCC_C_LANGUAGE_STANDARD = gnu11;
				GCC_NO_COMMON_BLOCKS = YES;
				GCC_WARN_64_TO_32_BIT_CONVERSION = YES;
				GCC_WARN_ABOUT_RETURN_TYPE = YES_ERROR;
				GCC_WARN_UNDECLARED_SELECTOR = YES;
				GCC_WARN_UNINITIALIZED_AUTOS = YES_AGGRESSIVE;
				GCC_WARN_UNUSED_FUNCTION = YES;
				GCC_WARN_UNUSED_VARIABLE = YES;
				IPHONEOS_DEPLOYMENT_TARGET = 10.0;
				MTL_ENABLE_DEBUG_INFO = NO;
				MTL_FAST_MATH = YES;
				SDKROOT = iphoneos;
				VALIDATE_PRODUCT = YES;
			};
			name = Release;
		};
		548FF8B524A87F3300ECF7F0 /* Debug */ = {
			isa = XCBuildConfiguration;
			baseConfigurationReference = 273E8879D27684D3E9614103 /* Pods-YLNote.debug.xcconfig */;
			buildSettings = {
				ASSETCATALOG_COMPILER_APPICON_NAME = AppIcon;
				CLANG_ENABLE_MODULES = YES;
				CODE_SIGN_STYLE = Automatic;
				INFOPLIST_FILE = YLNote/Info.plist;
				IPHONEOS_DEPLOYMENT_TARGET = 10.0;
				LD_RUNPATH_SEARCH_PATHS = (
					"$(inherited)",
					"@executable_path/Frameworks",
				);
				PRODUCT_BUNDLE_IDENTIFIER = tangh.YLNote;
				PRODUCT_NAME = YLNote;
				SWIFT_OBJC_BRIDGING_HEADER = "YLNote/YLNote-Bridging-Header.h";
				SWIFT_OPTIMIZATION_LEVEL = "-Onone";
				SWIFT_VERSION = 5.0;
				TARGETED_DEVICE_FAMILY = 1;
			};
			name = Debug;
		};
		548FF8B624A87F3300ECF7F0 /* Release */ = {
			isa = XCBuildConfiguration;
			baseConfigurationReference = E8E719A45CBC6CF50E769964 /* Pods-YLNote.release.xcconfig */;
			buildSettings = {
				ASSETCATALOG_COMPILER_APPICON_NAME = AppIcon;
				CLANG_ENABLE_MODULES = YES;
				CODE_SIGN_STYLE = Automatic;
				INFOPLIST_FILE = YLNote/Info.plist;
				IPHONEOS_DEPLOYMENT_TARGET = 10.0;
				LD_RUNPATH_SEARCH_PATHS = (
					"$(inherited)",
					"@executable_path/Frameworks",
				);
				PRODUCT_BUNDLE_IDENTIFIER = tangh.YLNote;
				PRODUCT_NAME = YLNote;
				SWIFT_OBJC_BRIDGING_HEADER = "YLNote/YLNote-Bridging-Header.h";
				SWIFT_VERSION = 5.0;
				TARGETED_DEVICE_FAMILY = 1;
			};
			name = Release;
		};
		548FF8B824A87F3300ECF7F0 /* Debug */ = {
			isa = XCBuildConfiguration;
			baseConfigurationReference = C9CC936E282AACC01F31CBA1 /* Pods-YLNoteTests.debug.xcconfig */;
			buildSettings = {
				ALWAYS_EMBED_SWIFT_STANDARD_LIBRARIES = YES;
				BUNDLE_LOADER = "$(TEST_HOST)";
				CODE_SIGN_STYLE = Automatic;
				INFOPLIST_FILE = YLNoteTests/Info.plist;
				IPHONEOS_DEPLOYMENT_TARGET = 13.2;
				LD_RUNPATH_SEARCH_PATHS = (
					"$(inherited)",
					"@executable_path/Frameworks",
					"@loader_path/Frameworks",
				);
				PRODUCT_BUNDLE_IDENTIFIER = tangh.YLNoteTests;
				PRODUCT_NAME = "$(TARGET_NAME)";
				TARGETED_DEVICE_FAMILY = "1,2";
				TEST_HOST = "$(BUILT_PRODUCTS_DIR)/YLNote.app/YLNote";
			};
			name = Debug;
		};
		548FF8B924A87F3300ECF7F0 /* Release */ = {
			isa = XCBuildConfiguration;
			baseConfigurationReference = BAB2027457CA0C28B9DBEF54 /* Pods-YLNoteTests.release.xcconfig */;
			buildSettings = {
				ALWAYS_EMBED_SWIFT_STANDARD_LIBRARIES = YES;
				BUNDLE_LOADER = "$(TEST_HOST)";
				CODE_SIGN_STYLE = Automatic;
				INFOPLIST_FILE = YLNoteTests/Info.plist;
				IPHONEOS_DEPLOYMENT_TARGET = 13.2;
				LD_RUNPATH_SEARCH_PATHS = (
					"$(inherited)",
					"@executable_path/Frameworks",
					"@loader_path/Frameworks",
				);
				PRODUCT_BUNDLE_IDENTIFIER = tangh.YLNoteTests;
				PRODUCT_NAME = "$(TARGET_NAME)";
				TARGETED_DEVICE_FAMILY = "1,2";
				TEST_HOST = "$(BUILT_PRODUCTS_DIR)/YLNote.app/YLNote";
			};
			name = Release;
		};
		548FF8BB24A87F3300ECF7F0 /* Debug */ = {
			isa = XCBuildConfiguration;
			baseConfigurationReference = 5A27EA1156BF8D664E97CBFF /* Pods-YLNote-YLNoteUITests.debug.xcconfig */;
			buildSettings = {
				ALWAYS_EMBED_SWIFT_STANDARD_LIBRARIES = YES;
				CODE_SIGN_STYLE = Automatic;
				INFOPLIST_FILE = YLNoteUITests/Info.plist;
				LD_RUNPATH_SEARCH_PATHS = (
					"$(inherited)",
					"@executable_path/Frameworks",
					"@loader_path/Frameworks",
				);
				PRODUCT_BUNDLE_IDENTIFIER = tangh.YLNoteUITests;
				PRODUCT_NAME = "$(TARGET_NAME)";
				TARGETED_DEVICE_FAMILY = "1,2";
				TEST_TARGET_NAME = YLNote;
			};
			name = Debug;
		};
		548FF8BC24A87F3300ECF7F0 /* Release */ = {
			isa = XCBuildConfiguration;
			baseConfigurationReference = D3CBC7F0BAB7DE4B05DD186E /* Pods-YLNote-YLNoteUITests.release.xcconfig */;
			buildSettings = {
				ALWAYS_EMBED_SWIFT_STANDARD_LIBRARIES = YES;
				CODE_SIGN_STYLE = Automatic;
				INFOPLIST_FILE = YLNoteUITests/Info.plist;
				LD_RUNPATH_SEARCH_PATHS = (
					"$(inherited)",
					"@executable_path/Frameworks",
					"@loader_path/Frameworks",
				);
				PRODUCT_BUNDLE_IDENTIFIER = tangh.YLNoteUITests;
				PRODUCT_NAME = "$(TARGET_NAME)";
				TARGETED_DEVICE_FAMILY = "1,2";
				TEST_TARGET_NAME = YLNote;
			};
			name = Release;
		};
/* End XCBuildConfiguration section */

/* Begin XCConfigurationList section */
		548FF88024A87F3200ECF7F0 /* Build configuration list for PBXProject "YLNote" */ = {
			isa = XCConfigurationList;
			buildConfigurations = (
				548FF8B224A87F3300ECF7F0 /* Debug */,
				548FF8B324A87F3300ECF7F0 /* Release */,
			);
			defaultConfigurationIsVisible = 0;
			defaultConfigurationName = Release;
		};
		548FF8B424A87F3300ECF7F0 /* Build configuration list for PBXNativeTarget "YLNote" */ = {
			isa = XCConfigurationList;
			buildConfigurations = (
				548FF8B524A87F3300ECF7F0 /* Debug */,
				548FF8B624A87F3300ECF7F0 /* Release */,
			);
			defaultConfigurationIsVisible = 0;
			defaultConfigurationName = Release;
		};
		548FF8B724A87F3300ECF7F0 /* Build configuration list for PBXNativeTarget "YLNoteTests" */ = {
			isa = XCConfigurationList;
			buildConfigurations = (
				548FF8B824A87F3300ECF7F0 /* Debug */,
				548FF8B924A87F3300ECF7F0 /* Release */,
			);
			defaultConfigurationIsVisible = 0;
			defaultConfigurationName = Release;
		};
		548FF8BA24A87F3300ECF7F0 /* Build configuration list for PBXNativeTarget "YLNoteUITests" */ = {
			isa = XCConfigurationList;
			buildConfigurations = (
				548FF8BB24A87F3300ECF7F0 /* Debug */,
				548FF8BC24A87F3300ECF7F0 /* Release */,
			);
			defaultConfigurationIsVisible = 0;
			defaultConfigurationName = Release;
		};
/* End XCConfigurationList section */
	};
	rootObject = 548FF87D24A87F3200ECF7F0 /* Project object */;
}
